// !$*UTF8*$!
{
	archiveVersion = 1;
	classes = {
	};
	objectVersion = 56;
	objects = {

/* Begin PBXBuildFile section */
		164F9DBA2A60F1EF006D5825 /* NavigationStack in Frameworks */ = {isa = PBXBuildFile; productRef = 164F9DB92A60F1EF006D5825 /* NavigationStack */; };
		1673DC0C2A5CD4A9000F9EB1 /* ColorExtension.swift in Sources */ = {isa = PBXBuildFile; fileRef = 1673DC0B2A5CD4A9000F9EB1 /* ColorExtension.swift */; };
		1673DC102A5CDA9F000F9EB1 /* SwingListView.swift in Sources */ = {isa = PBXBuildFile; fileRef = 1673DC0F2A5CDA9F000F9EB1 /* SwingListView.swift */; };
		1673DC152A5CE7A0000F9EB1 /* SwingList.swift in Sources */ = {isa = PBXBuildFile; fileRef = 1673DC142A5CE7A0000F9EB1 /* SwingList.swift */; };
		1673DC172A5CE914000F9EB1 /* SwingListCellView.swift in Sources */ = {isa = PBXBuildFile; fileRef = 1673DC162A5CE914000F9EB1 /* SwingListCellView.swift */; };
		1673DC212A5D3605000F9EB1 /* GuideView.swift in Sources */ = {isa = PBXBuildFile; fileRef = 1673DC202A5D3605000F9EB1 /* GuideView.swift */; };
		1673DC232A5D361D000F9EB1 /* SwingCountView.swift in Sources */ = {isa = PBXBuildFile; fileRef = 1673DC222A5D361D000F9EB1 /* SwingCountView.swift */; };
		1673DC262A5D39D5000F9EB1 /* backhand.gif in Resources */ = {isa = PBXBuildFile; fileRef = 1673DC242A5D39D5000F9EB1 /* backhand.gif */; };
		1673DC272A5D39D5000F9EB1 /* forehand.gif in Resources */ = {isa = PBXBuildFile; fileRef = 1673DC252A5D39D5000F9EB1 /* forehand.gif */; };
		1673DC292A5D402A000F9EB1 /* GifImage.swift in Sources */ = {isa = PBXBuildFile; fileRef = 1673DC282A5D402A000F9EB1 /* GifImage.swift */; };
		1673DC2B2A5D4617000F9EB1 /* ReadyView.swift in Sources */ = {isa = PBXBuildFile; fileRef = 1673DC2A2A5D4617000F9EB1 /* ReadyView.swift */; };
		1673DC302A5E2652000F9EB1 /* CircleProgressBar.swift in Sources */ = {isa = PBXBuildFile; fileRef = 1673DC2F2A5E2652000F9EB1 /* CircleProgressBar.swift */; };
		1673DC322A5E3F3F000F9EB1 /* CountingView.swift in Sources */ = {isa = PBXBuildFile; fileRef = 1673DC312A5E3F3F000F9EB1 /* CountingView.swift */; };
		1673DC342A5E4F3E000F9EB1 /* MeasuringView.swift in Sources */ = {isa = PBXBuildFile; fileRef = 1673DC332A5E4F3E000F9EB1 /* MeasuringView.swift */; };
		1673DC382A5F6BC7000F9EB1 /* SwingResultView.swift in Sources */ = {isa = PBXBuildFile; fileRef = 1673DC372A5F6BC7000F9EB1 /* SwingResultView.swift */; };
		1673DC3A2A5F796D000F9EB1 /* CompleteView.swift in Sources */ = {isa = PBXBuildFile; fileRef = 1673DC392A5F796D000F9EB1 /* CompleteView.swift */; };
		1673DC3C2A5F7CC6000F9EB1 /* ResultView.swift in Sources */ = {isa = PBXBuildFile; fileRef = 1673DC3B2A5F7CC6000F9EB1 /* ResultView.swift */; };
		168AD6922A57EF030097985C /* MC3_F4_DoWonGyoRiApp.swift in Sources */ = {isa = PBXBuildFile; fileRef = 168AD6912A57EF030097985C /* MC3_F4_DoWonGyoRiApp.swift */; };
		168AD6942A57EF030097985C /* ContentView.swift in Sources */ = {isa = PBXBuildFile; fileRef = 168AD6932A57EF030097985C /* ContentView.swift */; };
		168AD6962A57EF050097985C /* Assets.xcassets in Resources */ = {isa = PBXBuildFile; fileRef = 168AD6952A57EF050097985C /* Assets.xcassets */; };
		168AD6992A57EF050097985C /* Preview Assets.xcassets in Resources */ = {isa = PBXBuildFile; fileRef = 168AD6982A57EF050097985C /* Preview Assets.xcassets */; };
		168AD69F2A57EF050097985C /* MC3-F4-DoWonGyoRi Watch App.app in Embed Watch Content */ = {isa = PBXBuildFile; fileRef = 168AD69E2A57EF050097985C /* MC3-F4-DoWonGyoRi Watch App.app */; settings = {ATTRIBUTES = (RemoveHeadersOnCopy, ); }; };
		168AD6A42A57EF050097985C /* MC3_F4_DoWonGyoRiApp.swift in Sources */ = {isa = PBXBuildFile; fileRef = 168AD6A32A57EF050097985C /* MC3_F4_DoWonGyoRiApp.swift */; };
		168AD6A82A57EF060097985C /* Assets.xcassets in Resources */ = {isa = PBXBuildFile; fileRef = 168AD6A72A57EF060097985C /* Assets.xcassets */; };
		168AD6AB2A57EF060097985C /* Preview Assets.xcassets in Resources */ = {isa = PBXBuildFile; fileRef = 168AD6AA2A57EF060097985C /* Preview Assets.xcassets */; };
		C9533A052A5E578000FA7DC7 /* SettingView.swift in Sources */ = {isa = PBXBuildFile; fileRef = C9533A042A5E578000FA7DC7 /* SettingView.swift */; };
		C9533A092A5E667000FA7DC7 /* UserInfoSettingView.swift in Sources */ = {isa = PBXBuildFile; fileRef = C9533A082A5E667000FA7DC7 /* UserInfoSettingView.swift */; };
		C9533A0B2A5F82E900FA7DC7 /* UserStrokeSettingView.swift in Sources */ = {isa = PBXBuildFile; fileRef = C9533A0A2A5F82E900FA7DC7 /* UserStrokeSettingView.swift */; };
		C9533A0D2A60393200FA7DC7 /* UserProfileSettingView.swift in Sources */ = {isa = PBXBuildFile; fileRef = C9533A0C2A60393200FA7DC7 /* UserProfileSettingView.swift */; };
		C9533A0F2A60D0C500FA7DC7 /* GuideView.swift in Sources */ = {isa = PBXBuildFile; fileRef = C9533A0E2A60D0C500FA7DC7 /* GuideView.swift */; };
		C9533A132A60E5FF00FA7DC7 /* GifView.swift in Sources */ = {isa = PBXBuildFile; fileRef = C9533A122A60E5FF00FA7DC7 /* GifView.swift */; };
		C9533A172A60E73700FA7DC7 /* dancing.gif in Resources */ = {isa = PBXBuildFile; fileRef = C9533A162A60E73700FA7DC7 /* dancing.gif */; };
		C9533A1A2A60EE1200FA7DC7 /* TodayDetailView.swift in Sources */ = {isa = PBXBuildFile; fileRef = C9533A192A60EE1200FA7DC7 /* TodayDetailView.swift */; };
		C96600B92A5CF873008287EF /* RingChartsView.swift in Sources */ = {isa = PBXBuildFile; fileRef = C96600B82A5CF873008287EF /* RingChartsView.swift */; };
		C96600BB2A5CFFBD008287EF /* File.swift in Sources */ = {isa = PBXBuildFile; fileRef = C96600BA2A5CFFBD008287EF /* File.swift */; };
		C96DC7592A611EE000A922A3 /* OnboardingView.swift in Sources */ = {isa = PBXBuildFile; fileRef = C96DC7582A611EE000A922A3 /* OnboardingView.swift */; };
		C96DC75F2A63150D00A922A3 /* CongreteModalView.swift in Sources */ = {isa = PBXBuildFile; fileRef = C96DC75E2A63150D00A922A3 /* CongreteModalView.swift */; };
		C96DC7612A6323A500A922A3 /* EmitterView.swift in Sources */ = {isa = PBXBuildFile; fileRef = C96DC7602A6323A500A922A3 /* EmitterView.swift */; };
		C96DC7632A63361500A922A3 /* HapticManager.swift in Sources */ = {isa = PBXBuildFile; fileRef = C96DC7622A63361500A922A3 /* HapticManager.swift */; };
		C9804AC22A5BDB8400CF97A8 /* EmitterManager.swift in Sources */ = {isa = PBXBuildFile; fileRef = C9804AC12A5BDB8400CF97A8 /* EmitterManager.swift */; };
		C9804AC52A5BDBAB00CF97A8 /* CustomBackButton.swift in Sources */ = {isa = PBXBuildFile; fileRef = C9804AC42A5BDBAB00CF97A8 /* CustomBackButton.swift */; };
		C9804AC72A5BDBC000CF97A8 /* ColorExtension.swift in Sources */ = {isa = PBXBuildFile; fileRef = C9804AC62A5BDBC000CF97A8 /* ColorExtension.swift */; };
		C9804ACA2A5BDD3C00CF97A8 /* MainView.swift in Sources */ = {isa = PBXBuildFile; fileRef = C9804AC92A5BDD3C00CF97A8 /* MainView.swift */; };
		C9804B0C2A5C6A9000CF97A8 /* Inter-Bold.otf in Resources */ = {isa = PBXBuildFile; fileRef = C9804AF92A5C6A8F00CF97A8 /* Inter-Bold.otf */; };
		C9804B0D2A5C6A9000CF97A8 /* Inter-ExtraBoldItalic.otf in Resources */ = {isa = PBXBuildFile; fileRef = C9804AFA2A5C6A8F00CF97A8 /* Inter-ExtraBoldItalic.otf */; };
		C9804B0E2A5C6A9000CF97A8 /* Inter-BoldItalic.otf in Resources */ = {isa = PBXBuildFile; fileRef = C9804AFB2A5C6A8F00CF97A8 /* Inter-BoldItalic.otf */; };
		C9804B0F2A5C6A9000CF97A8 /* Inter-BlackItalic.otf in Resources */ = {isa = PBXBuildFile; fileRef = C9804AFC2A5C6A8F00CF97A8 /* Inter-BlackItalic.otf */; };
		C9804B102A5C6A9000CF97A8 /* Inter-ExtraLight.otf in Resources */ = {isa = PBXBuildFile; fileRef = C9804AFD2A5C6A8F00CF97A8 /* Inter-ExtraLight.otf */; };
		C9804B112A5C6A9000CF97A8 /* Inter-ExtraBold.otf in Resources */ = {isa = PBXBuildFile; fileRef = C9804AFE2A5C6A8F00CF97A8 /* Inter-ExtraBold.otf */; };
		C9804B122A5C6A9000CF97A8 /* Inter-Black.otf in Resources */ = {isa = PBXBuildFile; fileRef = C9804AFF2A5C6A8F00CF97A8 /* Inter-Black.otf */; };
		C9804B132A5C6A9000CF97A8 /* Inter-ExtraLightItalic.otf in Resources */ = {isa = PBXBuildFile; fileRef = C9804B002A5C6A8F00CF97A8 /* Inter-ExtraLightItalic.otf */; };
		C9804B142A5C6A9000CF97A8 /* Inter-LightItalic.otf in Resources */ = {isa = PBXBuildFile; fileRef = C9804B012A5C6A8F00CF97A8 /* Inter-LightItalic.otf */; };
		C9804B152A5C6A9000CF97A8 /* Inter-SemiBold.otf in Resources */ = {isa = PBXBuildFile; fileRef = C9804B022A5C6A8F00CF97A8 /* Inter-SemiBold.otf */; };
		C9804B162A5C6A9000CF97A8 /* Inter-V.ttf in Resources */ = {isa = PBXBuildFile; fileRef = C9804B032A5C6A8F00CF97A8 /* Inter-V.ttf */; };
		C9804B172A5C6A9000CF97A8 /* Inter-SemiBoldItalic.otf in Resources */ = {isa = PBXBuildFile; fileRef = C9804B042A5C6A8F00CF97A8 /* Inter-SemiBoldItalic.otf */; };
		C9804B182A5C6A9000CF97A8 /* Inter-Medium.otf in Resources */ = {isa = PBXBuildFile; fileRef = C9804B052A5C6A8F00CF97A8 /* Inter-Medium.otf */; };
		C9804B192A5C6A9000CF97A8 /* Inter-Light.otf in Resources */ = {isa = PBXBuildFile; fileRef = C9804B062A5C6A8F00CF97A8 /* Inter-Light.otf */; };
		C9804B1A2A5C6A9000CF97A8 /* Inter-MediumItalic.otf in Resources */ = {isa = PBXBuildFile; fileRef = C9804B072A5C6A8F00CF97A8 /* Inter-MediumItalic.otf */; };
		C9804B1B2A5C6A9000CF97A8 /* Inter-Thin.otf in Resources */ = {isa = PBXBuildFile; fileRef = C9804B082A5C6A8F00CF97A8 /* Inter-Thin.otf */; };
		C9804B1C2A5C6A9000CF97A8 /* Inter-Regular.otf in Resources */ = {isa = PBXBuildFile; fileRef = C9804B092A5C6A8F00CF97A8 /* Inter-Regular.otf */; };
		C9804B1D2A5C6A9000CF97A8 /* Inter-ThinItalic.otf in Resources */ = {isa = PBXBuildFile; fileRef = C9804B0A2A5C6A8F00CF97A8 /* Inter-ThinItalic.otf */; };
		C9804B1E2A5C6A9000CF97A8 /* Inter-Italic.otf in Resources */ = {isa = PBXBuildFile; fileRef = C9804B0B2A5C6A9000CF97A8 /* Inter-Italic.otf */; };
/* End PBXBuildFile section */

/* Begin PBXContainerItemProxy section */
		168AD6A02A57EF050097985C /* PBXContainerItemProxy */ = {
			isa = PBXContainerItemProxy;
			containerPortal = 168AD6862A57EF030097985C /* Project object */;
			proxyType = 1;
			remoteGlobalIDString = 168AD69D2A57EF050097985C;
			remoteInfo = "MC3-F4-DoWonGyoRi Watch App";
		};
/* End PBXContainerItemProxy section */

/* Begin PBXCopyFilesBuildPhase section */
		168AD6B12A57EF060097985C /* Embed Watch Content */ = {
			isa = PBXCopyFilesBuildPhase;
			buildActionMask = 8;
			dstPath = "$(CONTENTS_FOLDER_PATH)/Watch";
			dstSubfolderSpec = 16;
			files = (
				168AD69F2A57EF050097985C /* MC3-F4-DoWonGyoRi Watch App.app in Embed Watch Content */,
			);
			name = "Embed Watch Content";
			runOnlyForDeploymentPostprocessing = 1;
		};
/* End PBXCopyFilesBuildPhase section */

/* Begin PBXFileReference section */
		1673DC0B2A5CD4A9000F9EB1 /* ColorExtension.swift */ = {isa = PBXFileReference; lastKnownFileType = sourcecode.swift; path = ColorExtension.swift; sourceTree = "<group>"; };
		1673DC0F2A5CDA9F000F9EB1 /* SwingListView.swift */ = {isa = PBXFileReference; lastKnownFileType = sourcecode.swift; path = SwingListView.swift; sourceTree = "<group>"; };
		1673DC142A5CE7A0000F9EB1 /* SwingList.swift */ = {isa = PBXFileReference; lastKnownFileType = sourcecode.swift; path = SwingList.swift; sourceTree = "<group>"; };
		1673DC162A5CE914000F9EB1 /* SwingListCellView.swift */ = {isa = PBXFileReference; lastKnownFileType = sourcecode.swift; path = SwingListCellView.swift; sourceTree = "<group>"; };
		1673DC202A5D3605000F9EB1 /* GuideView.swift */ = {isa = PBXFileReference; lastKnownFileType = sourcecode.swift; path = GuideView.swift; sourceTree = "<group>"; };
		1673DC222A5D361D000F9EB1 /* SwingCountView.swift */ = {isa = PBXFileReference; lastKnownFileType = sourcecode.swift; path = SwingCountView.swift; sourceTree = "<group>"; };
		1673DC242A5D39D5000F9EB1 /* backhand.gif */ = {isa = PBXFileReference; lastKnownFileType = image.gif; path = backhand.gif; sourceTree = "<group>"; };
		1673DC252A5D39D5000F9EB1 /* forehand.gif */ = {isa = PBXFileReference; lastKnownFileType = image.gif; path = forehand.gif; sourceTree = "<group>"; };
		1673DC282A5D402A000F9EB1 /* GifImage.swift */ = {isa = PBXFileReference; lastKnownFileType = sourcecode.swift; path = GifImage.swift; sourceTree = "<group>"; };
		1673DC2A2A5D4617000F9EB1 /* ReadyView.swift */ = {isa = PBXFileReference; lastKnownFileType = sourcecode.swift; path = ReadyView.swift; sourceTree = "<group>"; };
		1673DC2F2A5E2652000F9EB1 /* CircleProgressBar.swift */ = {isa = PBXFileReference; lastKnownFileType = sourcecode.swift; path = CircleProgressBar.swift; sourceTree = "<group>"; };
		1673DC312A5E3F3F000F9EB1 /* CountingView.swift */ = {isa = PBXFileReference; lastKnownFileType = sourcecode.swift; path = CountingView.swift; sourceTree = "<group>"; };
		1673DC332A5E4F3E000F9EB1 /* MeasuringView.swift */ = {isa = PBXFileReference; lastKnownFileType = sourcecode.swift; path = MeasuringView.swift; sourceTree = "<group>"; };
		1673DC372A5F6BC7000F9EB1 /* SwingResultView.swift */ = {isa = PBXFileReference; lastKnownFileType = sourcecode.swift; path = SwingResultView.swift; sourceTree = "<group>"; };
		1673DC392A5F796D000F9EB1 /* CompleteView.swift */ = {isa = PBXFileReference; lastKnownFileType = sourcecode.swift; path = CompleteView.swift; sourceTree = "<group>"; };
		1673DC3B2A5F7CC6000F9EB1 /* ResultView.swift */ = {isa = PBXFileReference; lastKnownFileType = sourcecode.swift; path = ResultView.swift; sourceTree = "<group>"; };
		168AD68E2A57EF030097985C /* MC3-F4-DoWonGyoRi.app */ = {isa = PBXFileReference; explicitFileType = wrapper.application; includeInIndex = 0; path = "MC3-F4-DoWonGyoRi.app"; sourceTree = BUILT_PRODUCTS_DIR; };
		168AD6912A57EF030097985C /* MC3_F4_DoWonGyoRiApp.swift */ = {isa = PBXFileReference; lastKnownFileType = sourcecode.swift; path = MC3_F4_DoWonGyoRiApp.swift; sourceTree = "<group>"; };
		168AD6932A57EF030097985C /* ContentView.swift */ = {isa = PBXFileReference; lastKnownFileType = sourcecode.swift; path = ContentView.swift; sourceTree = "<group>"; };
		168AD6952A57EF050097985C /* Assets.xcassets */ = {isa = PBXFileReference; lastKnownFileType = folder.assetcatalog; path = Assets.xcassets; sourceTree = "<group>"; };
		168AD6982A57EF050097985C /* Preview Assets.xcassets */ = {isa = PBXFileReference; lastKnownFileType = folder.assetcatalog; path = "Preview Assets.xcassets"; sourceTree = "<group>"; };
		168AD69E2A57EF050097985C /* MC3-F4-DoWonGyoRi Watch App.app */ = {isa = PBXFileReference; explicitFileType = wrapper.application; includeInIndex = 0; path = "MC3-F4-DoWonGyoRi Watch App.app"; sourceTree = BUILT_PRODUCTS_DIR; };
		168AD6A32A57EF050097985C /* MC3_F4_DoWonGyoRiApp.swift */ = {isa = PBXFileReference; lastKnownFileType = sourcecode.swift; path = MC3_F4_DoWonGyoRiApp.swift; sourceTree = "<group>"; };
		168AD6A72A57EF060097985C /* Assets.xcassets */ = {isa = PBXFileReference; lastKnownFileType = folder.assetcatalog; path = Assets.xcassets; sourceTree = "<group>"; };
		168AD6AA2A57EF060097985C /* Preview Assets.xcassets */ = {isa = PBXFileReference; lastKnownFileType = folder.assetcatalog; path = "Preview Assets.xcassets"; sourceTree = "<group>"; };
		C9533A042A5E578000FA7DC7 /* SettingView.swift */ = {isa = PBXFileReference; fileEncoding = 4; lastKnownFileType = sourcecode.swift; path = SettingView.swift; sourceTree = "<group>"; };
		C9533A082A5E667000FA7DC7 /* UserInfoSettingView.swift */ = {isa = PBXFileReference; lastKnownFileType = sourcecode.swift; path = UserInfoSettingView.swift; sourceTree = "<group>"; };
		C9533A0A2A5F82E900FA7DC7 /* UserStrokeSettingView.swift */ = {isa = PBXFileReference; lastKnownFileType = sourcecode.swift; path = UserStrokeSettingView.swift; sourceTree = "<group>"; };
		C9533A0C2A60393200FA7DC7 /* UserProfileSettingView.swift */ = {isa = PBXFileReference; lastKnownFileType = sourcecode.swift; path = UserProfileSettingView.swift; sourceTree = "<group>"; };
		C9533A0E2A60D0C500FA7DC7 /* GuideView.swift */ = {isa = PBXFileReference; lastKnownFileType = sourcecode.swift; path = GuideView.swift; sourceTree = "<group>"; };
		C9533A122A60E5FF00FA7DC7 /* GifView.swift */ = {isa = PBXFileReference; lastKnownFileType = sourcecode.swift; path = GifView.swift; sourceTree = "<group>"; };
		C9533A162A60E73700FA7DC7 /* dancing.gif */ = {isa = PBXFileReference; lastKnownFileType = image.gif; path = dancing.gif; sourceTree = "<group>"; };
		C9533A192A60EE1200FA7DC7 /* TodayDetailView.swift */ = {isa = PBXFileReference; lastKnownFileType = sourcecode.swift; path = TodayDetailView.swift; sourceTree = "<group>"; };
		C96600B82A5CF873008287EF /* RingChartsView.swift */ = {isa = PBXFileReference; lastKnownFileType = sourcecode.swift; path = RingChartsView.swift; sourceTree = "<group>"; };
		C96600BA2A5CFFBD008287EF /* File.swift */ = {isa = PBXFileReference; lastKnownFileType = sourcecode.swift; path = File.swift; sourceTree = "<group>"; };
		C96DC7582A611EE000A922A3 /* OnboardingView.swift */ = {isa = PBXFileReference; lastKnownFileType = sourcecode.swift; path = OnboardingView.swift; sourceTree = "<group>"; };
		C96DC75E2A63150D00A922A3 /* CongreteModalView.swift */ = {isa = PBXFileReference; lastKnownFileType = sourcecode.swift; path = CongreteModalView.swift; sourceTree = "<group>"; };
		C96DC7602A6323A500A922A3 /* EmitterView.swift */ = {isa = PBXFileReference; lastKnownFileType = sourcecode.swift; path = EmitterView.swift; sourceTree = "<group>"; };
		C96DC7622A63361500A922A3 /* HapticManager.swift */ = {isa = PBXFileReference; lastKnownFileType = sourcecode.swift; path = HapticManager.swift; sourceTree = "<group>"; };
		C9804AC12A5BDB8400CF97A8 /* EmitterManager.swift */ = {isa = PBXFileReference; lastKnownFileType = sourcecode.swift; path = EmitterManager.swift; sourceTree = "<group>"; };
		C9804AC42A5BDBAB00CF97A8 /* CustomBackButton.swift */ = {isa = PBXFileReference; lastKnownFileType = sourcecode.swift; path = CustomBackButton.swift; sourceTree = "<group>"; };
		C9804AC62A5BDBC000CF97A8 /* ColorExtension.swift */ = {isa = PBXFileReference; lastKnownFileType = sourcecode.swift; path = ColorExtension.swift; sourceTree = "<group>"; };
		C9804AC92A5BDD3C00CF97A8 /* MainView.swift */ = {isa = PBXFileReference; lastKnownFileType = sourcecode.swift; path = MainView.swift; sourceTree = "<group>"; };
		C9804ACD2A5C67A000CF97A8 /* Info.plist */ = {isa = PBXFileReference; lastKnownFileType = text.plist; path = Info.plist; sourceTree = "<group>"; };
		C9804AF92A5C6A8F00CF97A8 /* Inter-Bold.otf */ = {isa = PBXFileReference; lastKnownFileType = file; path = "Inter-Bold.otf"; sourceTree = "<group>"; };
		C9804AFA2A5C6A8F00CF97A8 /* Inter-ExtraBoldItalic.otf */ = {isa = PBXFileReference; lastKnownFileType = file; path = "Inter-ExtraBoldItalic.otf"; sourceTree = "<group>"; };
		C9804AFB2A5C6A8F00CF97A8 /* Inter-BoldItalic.otf */ = {isa = PBXFileReference; lastKnownFileType = file; path = "Inter-BoldItalic.otf"; sourceTree = "<group>"; };
		C9804AFC2A5C6A8F00CF97A8 /* Inter-BlackItalic.otf */ = {isa = PBXFileReference; lastKnownFileType = file; path = "Inter-BlackItalic.otf"; sourceTree = "<group>"; };
		C9804AFD2A5C6A8F00CF97A8 /* Inter-ExtraLight.otf */ = {isa = PBXFileReference; lastKnownFileType = file; path = "Inter-ExtraLight.otf"; sourceTree = "<group>"; };
		C9804AFE2A5C6A8F00CF97A8 /* Inter-ExtraBold.otf */ = {isa = PBXFileReference; lastKnownFileType = file; path = "Inter-ExtraBold.otf"; sourceTree = "<group>"; };
		C9804AFF2A5C6A8F00CF97A8 /* Inter-Black.otf */ = {isa = PBXFileReference; lastKnownFileType = file; path = "Inter-Black.otf"; sourceTree = "<group>"; };
		C9804B002A5C6A8F00CF97A8 /* Inter-ExtraLightItalic.otf */ = {isa = PBXFileReference; lastKnownFileType = file; path = "Inter-ExtraLightItalic.otf"; sourceTree = "<group>"; };
		C9804B012A5C6A8F00CF97A8 /* Inter-LightItalic.otf */ = {isa = PBXFileReference; lastKnownFileType = file; path = "Inter-LightItalic.otf"; sourceTree = "<group>"; };
		C9804B022A5C6A8F00CF97A8 /* Inter-SemiBold.otf */ = {isa = PBXFileReference; lastKnownFileType = file; path = "Inter-SemiBold.otf"; sourceTree = "<group>"; };
		C9804B032A5C6A8F00CF97A8 /* Inter-V.ttf */ = {isa = PBXFileReference; lastKnownFileType = file; path = "Inter-V.ttf"; sourceTree = "<group>"; };
		C9804B042A5C6A8F00CF97A8 /* Inter-SemiBoldItalic.otf */ = {isa = PBXFileReference; lastKnownFileType = file; path = "Inter-SemiBoldItalic.otf"; sourceTree = "<group>"; };
		C9804B052A5C6A8F00CF97A8 /* Inter-Medium.otf */ = {isa = PBXFileReference; lastKnownFileType = file; path = "Inter-Medium.otf"; sourceTree = "<group>"; };
		C9804B062A5C6A8F00CF97A8 /* Inter-Light.otf */ = {isa = PBXFileReference; lastKnownFileType = file; path = "Inter-Light.otf"; sourceTree = "<group>"; };
		C9804B072A5C6A8F00CF97A8 /* Inter-MediumItalic.otf */ = {isa = PBXFileReference; lastKnownFileType = file; path = "Inter-MediumItalic.otf"; sourceTree = "<group>"; };
		C9804B082A5C6A8F00CF97A8 /* Inter-Thin.otf */ = {isa = PBXFileReference; lastKnownFileType = file; path = "Inter-Thin.otf"; sourceTree = "<group>"; };
		C9804B092A5C6A8F00CF97A8 /* Inter-Regular.otf */ = {isa = PBXFileReference; lastKnownFileType = file; path = "Inter-Regular.otf"; sourceTree = "<group>"; };
		C9804B0A2A5C6A8F00CF97A8 /* Inter-ThinItalic.otf */ = {isa = PBXFileReference; lastKnownFileType = file; path = "Inter-ThinItalic.otf"; sourceTree = "<group>"; };
		C9804B0B2A5C6A9000CF97A8 /* Inter-Italic.otf */ = {isa = PBXFileReference; lastKnownFileType = file; path = "Inter-Italic.otf"; sourceTree = "<group>"; };
/* End PBXFileReference section */

/* Begin PBXFrameworksBuildPhase section */
		168AD68B2A57EF030097985C /* Frameworks */ = {
			isa = PBXFrameworksBuildPhase;
			buildActionMask = 2147483647;
			files = (
				164F9DBA2A60F1EF006D5825 /* NavigationStack in Frameworks */,
			);
			runOnlyForDeploymentPostprocessing = 0;
		};
		168AD69B2A57EF050097985C /* Frameworks */ = {
			isa = PBXFrameworksBuildPhase;
			buildActionMask = 2147483647;
			files = (
			);
			runOnlyForDeploymentPostprocessing = 0;
		};
/* End PBXFrameworksBuildPhase section */

/* Begin PBXGroup section */
		1673DC0A2A5CD497000F9EB1 /* Extension */ = {
			isa = PBXGroup;
			children = (
				1673DC0B2A5CD4A9000F9EB1 /* ColorExtension.swift */,
				1673DC2F2A5E2652000F9EB1 /* CircleProgressBar.swift */,
				1673DC282A5D402A000F9EB1 /* GifImage.swift */,
			);
			path = Extension;
			sourceTree = "<group>";
		};
		1673DC0D2A5CDA5A000F9EB1 /* View */ = {
			isa = PBXGroup;
			children = (
				1673DC0F2A5CDA9F000F9EB1 /* SwingListView.swift */,
				1673DC372A5F6BC7000F9EB1 /* SwingResultView.swift */,
				1673DC332A5E4F3E000F9EB1 /* MeasuringView.swift */,
				1673DC2A2A5D4617000F9EB1 /* ReadyView.swift */,
				1673DC222A5D361D000F9EB1 /* SwingCountView.swift */,
				1673DC202A5D3605000F9EB1 /* GuideView.swift */,
				1673DC162A5CE914000F9EB1 /* SwingListCellView.swift */,
				1673DC312A5E3F3F000F9EB1 /* CountingView.swift */,
				1673DC392A5F796D000F9EB1 /* CompleteView.swift */,
				1673DC3B2A5F7CC6000F9EB1 /* ResultView.swift */,
			);
			path = View;
			sourceTree = "<group>";
		};
		1673DC112A5CE61F000F9EB1 /* Model */ = {
			isa = PBXGroup;
			children = (
				1673DC142A5CE7A0000F9EB1 /* SwingList.swift */,
			);
			path = Model;
			sourceTree = "<group>";
		};
		168AD6852A57EF030097985C = {
			isa = PBXGroup;
			children = (
				168AD6902A57EF030097985C /* MC3-F4-DoWonGyoRi */,
				168AD6A22A57EF050097985C /* MC3-F4-DoWonGyoRi Watch App */,
				168AD68F2A57EF030097985C /* Products */,
			);
			sourceTree = "<group>";
		};
		168AD68F2A57EF030097985C /* Products */ = {
			isa = PBXGroup;
			children = (
				168AD68E2A57EF030097985C /* MC3-F4-DoWonGyoRi.app */,
				168AD69E2A57EF050097985C /* MC3-F4-DoWonGyoRi Watch App.app */,
			);
			name = Products;
			sourceTree = "<group>";
		};
		168AD6902A57EF030097985C /* MC3-F4-DoWonGyoRi */ = {
			isa = PBXGroup;
			children = (
				C9804ACD2A5C67A000CF97A8 /* Info.plist */,
				168AD6912A57EF030097985C /* MC3_F4_DoWonGyoRiApp.swift */,
				C9804AC02A5BDB7900CF97A8 /* Resource */,
				C9804ABF2A5BDAF000CF97A8 /* Model */,
				C9804ABE2A5BDAE500CF97A8 /* View */,
				168AD6952A57EF050097985C /* Assets.xcassets */,
				168AD6972A57EF050097985C /* Preview Content */,
				C9533A112A60E5EB00FA7DC7 /* Util */,
				C96600BA2A5CFFBD008287EF /* File.swift */,
			);
			path = "MC3-F4-DoWonGyoRi";
			sourceTree = "<group>";
		};
		168AD6972A57EF050097985C /* Preview Content */ = {
			isa = PBXGroup;
			children = (
				168AD6982A57EF050097985C /* Preview Assets.xcassets */,
			);
			path = "Preview Content";
			sourceTree = "<group>";
		};
		168AD6A22A57EF050097985C /* MC3-F4-DoWonGyoRi Watch App */ = {
			isa = PBXGroup;
			children = (
				168AD6A32A57EF050097985C /* MC3_F4_DoWonGyoRiApp.swift */,
				1673DC112A5CE61F000F9EB1 /* Model */,
				1673DC0D2A5CDA5A000F9EB1 /* View */,
				1673DC0A2A5CD497000F9EB1 /* Extension */,
				168AD6A72A57EF060097985C /* Assets.xcassets */,
				1673DC242A5D39D5000F9EB1 /* backhand.gif */,
				1673DC252A5D39D5000F9EB1 /* forehand.gif */,
				168AD6A92A57EF060097985C /* Preview Content */,
			);
			path = "MC3-F4-DoWonGyoRi Watch App";
			sourceTree = "<group>";
		};
		168AD6A92A57EF060097985C /* Preview Content */ = {
			isa = PBXGroup;
			children = (
				168AD6AA2A57EF060097985C /* Preview Assets.xcassets */,
			);
			path = "Preview Content";
			sourceTree = "<group>";
		};
		C9533A032A5E576700FA7DC7 /* SettingView */ = {
			isa = PBXGroup;
			children = (
				C9533A042A5E578000FA7DC7 /* SettingView.swift */,
				C9533A082A5E667000FA7DC7 /* UserInfoSettingView.swift */,
				C9533A0A2A5F82E900FA7DC7 /* UserStrokeSettingView.swift */,
				C9533A0C2A60393200FA7DC7 /* UserProfileSettingView.swift */,
			);
			path = SettingView;
			sourceTree = "<group>";
		};
		C9533A102A60D0CC00FA7DC7 /* GuideView */ = {
			isa = PBXGroup;
			children = (
				C9533A0E2A60D0C500FA7DC7 /* GuideView.swift */,
			);
			path = GuideView;
			sourceTree = "<group>";
		};
		C9533A112A60E5EB00FA7DC7 /* Util */ = {
			isa = PBXGroup;
			children = (
				C9533A122A60E5FF00FA7DC7 /* GifView.swift */,
			);
			path = Util;
			sourceTree = "<group>";
		};
		C9533A152A60E72800FA7DC7 /* Gif */ = {
			isa = PBXGroup;
			children = (
				C9533A162A60E73700FA7DC7 /* dancing.gif */,
			);
			path = Gif;
			sourceTree = "<group>";
		};
		C9533A182A60EE0100FA7DC7 /* TodayDetailView */ = {
			isa = PBXGroup;
			children = (
				C9533A192A60EE1200FA7DC7 /* TodayDetailView.swift */,
			);
			path = TodayDetailView;
			sourceTree = "<group>";
		};
		C96DC7572A611EC600A922A3 /* OnboardingView */ = {
			isa = PBXGroup;
			children = (
				C96DC7582A611EE000A922A3 /* OnboardingView.swift */,
			);
			path = OnboardingView;
			sourceTree = "<group>";
		};
		C96DC75D2A6314C700A922A3 /* CongreteModalView */ = {
			isa = PBXGroup;
			children = (
				C96DC75E2A63150D00A922A3 /* CongreteModalView.swift */,
				C96DC7602A6323A500A922A3 /* EmitterView.swift */,
			);
			path = CongreteModalView;
			sourceTree = "<group>";
		};
		C9804ABE2A5BDAE500CF97A8 /* View */ = {
			isa = PBXGroup;
			children = (
				C96DC75D2A6314C700A922A3 /* CongreteModalView */,
				C96DC7572A611EC600A922A3 /* OnboardingView */,
				C9533A182A60EE0100FA7DC7 /* TodayDetailView */,
				C9533A102A60D0CC00FA7DC7 /* GuideView */,
				C9533A032A5E576700FA7DC7 /* SettingView */,
				C9804AC82A5BDD2F00CF97A8 /* MainView */,
				C9804AC32A5BDB9600CF97A8 /* Extension */,
				168AD6932A57EF030097985C /* ContentView.swift */,
			);
			path = View;
			sourceTree = "<group>";
		};
		C9804ABF2A5BDAF000CF97A8 /* Model */ = {
			isa = PBXGroup;
			children = (
				C9804AC12A5BDB8400CF97A8 /* EmitterManager.swift */,
				C96DC7622A63361500A922A3 /* HapticManager.swift */,
			);
			path = Model;
			sourceTree = "<group>";
		};
		C9804AC02A5BDB7900CF97A8 /* Resource */ = {
			isa = PBXGroup;
			children = (
				C9533A152A60E72800FA7DC7 /* Gif */,
				C9804AF82A5C6A6500CF97A8 /* Font */,
				C9804AC42A5BDBAB00CF97A8 /* CustomBackButton.swift */,
			);
			path = Resource;
			sourceTree = "<group>";
		};
		C9804AC32A5BDB9600CF97A8 /* Extension */ = {
			isa = PBXGroup;
			children = (
				C9804AC62A5BDBC000CF97A8 /* ColorExtension.swift */,
			);
			path = Extension;
			sourceTree = "<group>";
		};
		C9804AC82A5BDD2F00CF97A8 /* MainView */ = {
			isa = PBXGroup;
			children = (
				C9804AC92A5BDD3C00CF97A8 /* MainView.swift */,
				C96600B82A5CF873008287EF /* RingChartsView.swift */,
			);
			path = MainView;
			sourceTree = "<group>";
		};
		C9804AF82A5C6A6500CF97A8 /* Font */ = {
			isa = PBXGroup;
			children = (
				C9804AFF2A5C6A8F00CF97A8 /* Inter-Black.otf */,
				C9804AFC2A5C6A8F00CF97A8 /* Inter-BlackItalic.otf */,
				C9804AF92A5C6A8F00CF97A8 /* Inter-Bold.otf */,
				C9804AFB2A5C6A8F00CF97A8 /* Inter-BoldItalic.otf */,
				C9804AFE2A5C6A8F00CF97A8 /* Inter-ExtraBold.otf */,
				C9804AFA2A5C6A8F00CF97A8 /* Inter-ExtraBoldItalic.otf */,
				C9804AFD2A5C6A8F00CF97A8 /* Inter-ExtraLight.otf */,
				C9804B002A5C6A8F00CF97A8 /* Inter-ExtraLightItalic.otf */,
				C9804B0B2A5C6A9000CF97A8 /* Inter-Italic.otf */,
				C9804B062A5C6A8F00CF97A8 /* Inter-Light.otf */,
				C9804B012A5C6A8F00CF97A8 /* Inter-LightItalic.otf */,
				C9804B052A5C6A8F00CF97A8 /* Inter-Medium.otf */,
				C9804B072A5C6A8F00CF97A8 /* Inter-MediumItalic.otf */,
				C9804B092A5C6A8F00CF97A8 /* Inter-Regular.otf */,
				C9804B022A5C6A8F00CF97A8 /* Inter-SemiBold.otf */,
				C9804B042A5C6A8F00CF97A8 /* Inter-SemiBoldItalic.otf */,
				C9804B082A5C6A8F00CF97A8 /* Inter-Thin.otf */,
				C9804B0A2A5C6A8F00CF97A8 /* Inter-ThinItalic.otf */,
				C9804B032A5C6A8F00CF97A8 /* Inter-V.ttf */,
			);
			path = Font;
			sourceTree = "<group>";
		};
/* End PBXGroup section */

/* Begin PBXNativeTarget section */
		168AD68D2A57EF030097985C /* MC3-F4-DoWonGyoRi */ = {
			isa = PBXNativeTarget;
			buildConfigurationList = 168AD6B22A57EF060097985C /* Build configuration list for PBXNativeTarget "MC3-F4-DoWonGyoRi" */;
			buildPhases = (
				168AD68A2A57EF030097985C /* Sources */,
				168AD68B2A57EF030097985C /* Frameworks */,
				168AD68C2A57EF030097985C /* Resources */,
				168AD6B12A57EF060097985C /* Embed Watch Content */,
			);
			buildRules = (
			);
			dependencies = (
				168AD6A12A57EF050097985C /* PBXTargetDependency */,
			);
			name = "MC3-F4-DoWonGyoRi";
			packageProductDependencies = (
				164F9DB92A60F1EF006D5825 /* NavigationStack */,
			);
			productName = "MC3-F4-DoWonGyoRi";
			productReference = 168AD68E2A57EF030097985C /* MC3-F4-DoWonGyoRi.app */;
			productType = "com.apple.product-type.application";
		};
		168AD69D2A57EF050097985C /* MC3-F4-DoWonGyoRi Watch App */ = {
			isa = PBXNativeTarget;
			buildConfigurationList = 168AD6AE2A57EF060097985C /* Build configuration list for PBXNativeTarget "MC3-F4-DoWonGyoRi Watch App" */;
			buildPhases = (
				168AD69A2A57EF050097985C /* Sources */,
				168AD69B2A57EF050097985C /* Frameworks */,
				168AD69C2A57EF050097985C /* Resources */,
			);
			buildRules = (
			);
			dependencies = (
			);
			name = "MC3-F4-DoWonGyoRi Watch App";
			productName = "MC3-F4-DoWonGyoRi Watch App";
			productReference = 168AD69E2A57EF050097985C /* MC3-F4-DoWonGyoRi Watch App.app */;
			productType = "com.apple.product-type.application";
		};
/* End PBXNativeTarget section */

/* Begin PBXProject section */
		168AD6862A57EF030097985C /* Project object */ = {
			isa = PBXProject;
			attributes = {
				BuildIndependentTargetsInParallel = 1;
				LastSwiftUpdateCheck = 1430;
				LastUpgradeCheck = 1430;
				TargetAttributes = {
					168AD68D2A57EF030097985C = {
						CreatedOnToolsVersion = 14.3;
					};
					168AD69D2A57EF050097985C = {
						CreatedOnToolsVersion = 14.3;
					};
				};
			};
			buildConfigurationList = 168AD6892A57EF030097985C /* Build configuration list for PBXProject "MC3-F4-DoWonGyoRi" */;
			compatibilityVersion = "Xcode 14.0";
			developmentRegion = en;
			hasScannedForEncodings = 0;
			knownRegions = (
				en,
				Base,
			);
			mainGroup = 168AD6852A57EF030097985C;
			packageReferences = (
				164F9DB82A60F1EF006D5825 /* XCRemoteSwiftPackageReference "swiftui-navigation-stack" */,
			);
			productRefGroup = 168AD68F2A57EF030097985C /* Products */;
			projectDirPath = "";
			projectRoot = "";
			targets = (
				168AD68D2A57EF030097985C /* MC3-F4-DoWonGyoRi */,
				168AD69D2A57EF050097985C /* MC3-F4-DoWonGyoRi Watch App */,
			);
		};
/* End PBXProject section */

/* Begin PBXResourcesBuildPhase section */
		168AD68C2A57EF030097985C /* Resources */ = {
			isa = PBXResourcesBuildPhase;
			buildActionMask = 2147483647;
			files = (
				168AD6992A57EF050097985C /* Preview Assets.xcassets in Resources */,
				C9804B122A5C6A9000CF97A8 /* Inter-Black.otf in Resources */,
				C9804B102A5C6A9000CF97A8 /* Inter-ExtraLight.otf in Resources */,
				C9804B172A5C6A9000CF97A8 /* Inter-SemiBoldItalic.otf in Resources */,
				C9533A172A60E73700FA7DC7 /* dancing.gif in Resources */,
				168AD6962A57EF050097985C /* Assets.xcassets in Resources */,
				C9804B0F2A5C6A9000CF97A8 /* Inter-BlackItalic.otf in Resources */,
				C9804B0D2A5C6A9000CF97A8 /* Inter-ExtraBoldItalic.otf in Resources */,
				C9804B1D2A5C6A9000CF97A8 /* Inter-ThinItalic.otf in Resources */,
				C9804B1B2A5C6A9000CF97A8 /* Inter-Thin.otf in Resources */,
				C9804B0C2A5C6A9000CF97A8 /* Inter-Bold.otf in Resources */,
				C9804B112A5C6A9000CF97A8 /* Inter-ExtraBold.otf in Resources */,
				C9804B132A5C6A9000CF97A8 /* Inter-ExtraLightItalic.otf in Resources */,
				C9804B1E2A5C6A9000CF97A8 /* Inter-Italic.otf in Resources */,
				C9804B1A2A5C6A9000CF97A8 /* Inter-MediumItalic.otf in Resources */,
				C9804B142A5C6A9000CF97A8 /* Inter-LightItalic.otf in Resources */,
				C9804B1C2A5C6A9000CF97A8 /* Inter-Regular.otf in Resources */,
				C9804B0E2A5C6A9000CF97A8 /* Inter-BoldItalic.otf in Resources */,
				C9804B162A5C6A9000CF97A8 /* Inter-V.ttf in Resources */,
				C9804B192A5C6A9000CF97A8 /* Inter-Light.otf in Resources */,
				C9804B182A5C6A9000CF97A8 /* Inter-Medium.otf in Resources */,
				C9804B152A5C6A9000CF97A8 /* Inter-SemiBold.otf in Resources */,
			);
			runOnlyForDeploymentPostprocessing = 0;
		};
		168AD69C2A57EF050097985C /* Resources */ = {
			isa = PBXResourcesBuildPhase;
			buildActionMask = 2147483647;
			files = (
				168AD6AB2A57EF060097985C /* Preview Assets.xcassets in Resources */,
				1673DC262A5D39D5000F9EB1 /* backhand.gif in Resources */,
				168AD6A82A57EF060097985C /* Assets.xcassets in Resources */,
				1673DC272A5D39D5000F9EB1 /* forehand.gif in Resources */,
			);
			runOnlyForDeploymentPostprocessing = 0;
		};
/* End PBXResourcesBuildPhase section */

/* Begin PBXSourcesBuildPhase section */
		168AD68A2A57EF030097985C /* Sources */ = {
			isa = PBXSourcesBuildPhase;
			buildActionMask = 2147483647;
			files = (
				C9533A1A2A60EE1200FA7DC7 /* TodayDetailView.swift in Sources */,
				C9533A092A5E667000FA7DC7 /* UserInfoSettingView.swift in Sources */,
				C9533A0B2A5F82E900FA7DC7 /* UserStrokeSettingView.swift in Sources */,
				168AD6942A57EF030097985C /* ContentView.swift in Sources */,
				C9804ACA2A5BDD3C00CF97A8 /* MainView.swift in Sources */,
				C9533A0D2A60393200FA7DC7 /* UserProfileSettingView.swift in Sources */,
				C96DC7632A63361500A922A3 /* HapticManager.swift in Sources */,
				C9533A0F2A60D0C500FA7DC7 /* GuideView.swift in Sources */,
				C96DC7612A6323A500A922A3 /* EmitterView.swift in Sources */,
				C9804AC52A5BDBAB00CF97A8 /* CustomBackButton.swift in Sources */,
				C9533A052A5E578000FA7DC7 /* SettingView.swift in Sources */,
				C96600B92A5CF873008287EF /* RingChartsView.swift in Sources */,
				168AD6922A57EF030097985C /* MC3_F4_DoWonGyoRiApp.swift in Sources */,
				C96600BB2A5CFFBD008287EF /* File.swift in Sources */,
				C96DC75F2A63150D00A922A3 /* CongreteModalView.swift in Sources */,
				C9533A132A60E5FF00FA7DC7 /* GifView.swift in Sources */,
				C96DC7592A611EE000A922A3 /* OnboardingView.swift in Sources */,
				C9804AC22A5BDB8400CF97A8 /* EmitterManager.swift in Sources */,
				C9804AC72A5BDBC000CF97A8 /* ColorExtension.swift in Sources */,
			);
			runOnlyForDeploymentPostprocessing = 0;
		};
		168AD69A2A57EF050097985C /* Sources */ = {
			isa = PBXSourcesBuildPhase;
			buildActionMask = 2147483647;
			files = (
				1673DC342A5E4F3E000F9EB1 /* MeasuringView.swift in Sources */,
				1673DC3A2A5F796D000F9EB1 /* CompleteView.swift in Sources */,
				1673DC3C2A5F7CC6000F9EB1 /* ResultView.swift in Sources */,
				1673DC2B2A5D4617000F9EB1 /* ReadyView.swift in Sources */,
				1673DC0C2A5CD4A9000F9EB1 /* ColorExtension.swift in Sources */,
				1673DC102A5CDA9F000F9EB1 /* SwingListView.swift in Sources */,
				1673DC292A5D402A000F9EB1 /* GifImage.swift in Sources */,
				1673DC152A5CE7A0000F9EB1 /* SwingList.swift in Sources */,
				1673DC212A5D3605000F9EB1 /* GuideView.swift in Sources */,
				1673DC302A5E2652000F9EB1 /* CircleProgressBar.swift in Sources */,
				168AD6A42A57EF050097985C /* MC3_F4_DoWonGyoRiApp.swift in Sources */,
				1673DC172A5CE914000F9EB1 /* SwingListCellView.swift in Sources */,
				1673DC322A5E3F3F000F9EB1 /* CountingView.swift in Sources */,
				1673DC232A5D361D000F9EB1 /* SwingCountView.swift in Sources */,
				1673DC382A5F6BC7000F9EB1 /* SwingResultView.swift in Sources */,
			);
			runOnlyForDeploymentPostprocessing = 0;
		};
/* End PBXSourcesBuildPhase section */

/* Begin PBXTargetDependency section */
		168AD6A12A57EF050097985C /* PBXTargetDependency */ = {
			isa = PBXTargetDependency;
			target = 168AD69D2A57EF050097985C /* MC3-F4-DoWonGyoRi Watch App */;
			targetProxy = 168AD6A02A57EF050097985C /* PBXContainerItemProxy */;
		};
/* End PBXTargetDependency section */

/* Begin XCBuildConfiguration section */
		168AD6AC2A57EF060097985C /* Debug */ = {
			isa = XCBuildConfiguration;
			buildSettings = {
				ALWAYS_SEARCH_USER_PATHS = NO;
				CLANG_ANALYZER_NONNULL = YES;
				CLANG_ANALYZER_NUMBER_OBJECT_CONVERSION = YES_AGGRESSIVE;
				CLANG_CXX_LANGUAGE_STANDARD = "gnu++20";
				CLANG_ENABLE_MODULES = YES;
				CLANG_ENABLE_OBJC_ARC = YES;
				CLANG_ENABLE_OBJC_WEAK = YES;
				CLANG_WARN_BLOCK_CAPTURE_AUTORELEASING = YES;
				CLANG_WARN_BOOL_CONVERSION = YES;
				CLANG_WARN_COMMA = YES;
				CLANG_WARN_CONSTANT_CONVERSION = YES;
				CLANG_WARN_DEPRECATED_OBJC_IMPLEMENTATIONS = YES;
				CLANG_WARN_DIRECT_OBJC_ISA_USAGE = YES_ERROR;
				CLANG_WARN_DOCUMENTATION_COMMENTS = YES;
				CLANG_WARN_EMPTY_BODY = YES;
				CLANG_WARN_ENUM_CONVERSION = YES;
				CLANG_WARN_INFINITE_RECURSION = YES;
				CLANG_WARN_INT_CONVERSION = YES;
				CLANG_WARN_NON_LITERAL_NULL_CONVERSION = YES;
				CLANG_WARN_OBJC_IMPLICIT_RETAIN_SELF = YES;
				CLANG_WARN_OBJC_LITERAL_CONVERSION = YES;
				CLANG_WARN_OBJC_ROOT_CLASS = YES_ERROR;
				CLANG_WARN_QUOTED_INCLUDE_IN_FRAMEWORK_HEADER = YES;
				CLANG_WARN_RANGE_LOOP_ANALYSIS = YES;
				CLANG_WARN_STRICT_PROTOTYPES = YES;
				CLANG_WARN_SUSPICIOUS_MOVE = YES;
				CLANG_WARN_UNGUARDED_AVAILABILITY = YES_AGGRESSIVE;
				CLANG_WARN_UNREACHABLE_CODE = YES;
				CLANG_WARN__DUPLICATE_METHOD_MATCH = YES;
				COPY_PHASE_STRIP = NO;
				DEBUG_INFORMATION_FORMAT = dwarf;
				ENABLE_STRICT_OBJC_MSGSEND = YES;
				ENABLE_TESTABILITY = YES;
				GCC_C_LANGUAGE_STANDARD = gnu11;
				GCC_DYNAMIC_NO_PIC = NO;
				GCC_NO_COMMON_BLOCKS = YES;
				GCC_OPTIMIZATION_LEVEL = 0;
				GCC_PREPROCESSOR_DEFINITIONS = (
					"DEBUG=1",
					"$(inherited)",
				);
				GCC_WARN_64_TO_32_BIT_CONVERSION = YES;
				GCC_WARN_ABOUT_RETURN_TYPE = YES_ERROR;
				GCC_WARN_UNDECLARED_SELECTOR = YES;
				GCC_WARN_UNINITIALIZED_AUTOS = YES_AGGRESSIVE;
				GCC_WARN_UNUSED_FUNCTION = YES;
				GCC_WARN_UNUSED_VARIABLE = YES;
				MTL_ENABLE_DEBUG_INFO = INCLUDE_SOURCE;
				MTL_FAST_MATH = YES;
				ONLY_ACTIVE_ARCH = YES;
				SWIFT_ACTIVE_COMPILATION_CONDITIONS = DEBUG;
				SWIFT_OPTIMIZATION_LEVEL = "-Onone";
			};
			name = Debug;
		};
		168AD6AD2A57EF060097985C /* Release */ = {
			isa = XCBuildConfiguration;
			buildSettings = {
				ALWAYS_SEARCH_USER_PATHS = NO;
				CLANG_ANALYZER_NONNULL = YES;
				CLANG_ANALYZER_NUMBER_OBJECT_CONVERSION = YES_AGGRESSIVE;
				CLANG_CXX_LANGUAGE_STANDARD = "gnu++20";
				CLANG_ENABLE_MODULES = YES;
				CLANG_ENABLE_OBJC_ARC = YES;
				CLANG_ENABLE_OBJC_WEAK = YES;
				CLANG_WARN_BLOCK_CAPTURE_AUTORELEASING = YES;
				CLANG_WARN_BOOL_CONVERSION = YES;
				CLANG_WARN_COMMA = YES;
				CLANG_WARN_CONSTANT_CONVERSION = YES;
				CLANG_WARN_DEPRECATED_OBJC_IMPLEMENTATIONS = YES;
				CLANG_WARN_DIRECT_OBJC_ISA_USAGE = YES_ERROR;
				CLANG_WARN_DOCUMENTATION_COMMENTS = YES;
				CLANG_WARN_EMPTY_BODY = YES;
				CLANG_WARN_ENUM_CONVERSION = YES;
				CLANG_WARN_INFINITE_RECURSION = YES;
				CLANG_WARN_INT_CONVERSION = YES;
				CLANG_WARN_NON_LITERAL_NULL_CONVERSION = YES;
				CLANG_WARN_OBJC_IMPLICIT_RETAIN_SELF = YES;
				CLANG_WARN_OBJC_LITERAL_CONVERSION = YES;
				CLANG_WARN_OBJC_ROOT_CLASS = YES_ERROR;
				CLANG_WARN_QUOTED_INCLUDE_IN_FRAMEWORK_HEADER = YES;
				CLANG_WARN_RANGE_LOOP_ANALYSIS = YES;
				CLANG_WARN_STRICT_PROTOTYPES = YES;
				CLANG_WARN_SUSPICIOUS_MOVE = YES;
				CLANG_WARN_UNGUARDED_AVAILABILITY = YES_AGGRESSIVE;
				CLANG_WARN_UNREACHABLE_CODE = YES;
				CLANG_WARN__DUPLICATE_METHOD_MATCH = YES;
				COPY_PHASE_STRIP = NO;
				DEBUG_INFORMATION_FORMAT = "dwarf-with-dsym";
				ENABLE_NS_ASSERTIONS = NO;
				ENABLE_STRICT_OBJC_MSGSEND = YES;
				GCC_C_LANGUAGE_STANDARD = gnu11;
				GCC_NO_COMMON_BLOCKS = YES;
				GCC_WARN_64_TO_32_BIT_CONVERSION = YES;
				GCC_WARN_ABOUT_RETURN_TYPE = YES_ERROR;
				GCC_WARN_UNDECLARED_SELECTOR = YES;
				GCC_WARN_UNINITIALIZED_AUTOS = YES_AGGRESSIVE;
				GCC_WARN_UNUSED_FUNCTION = YES;
				GCC_WARN_UNUSED_VARIABLE = YES;
				MTL_ENABLE_DEBUG_INFO = NO;
				MTL_FAST_MATH = YES;
				SWIFT_COMPILATION_MODE = wholemodule;
				SWIFT_OPTIMIZATION_LEVEL = "-O";
			};
			name = Release;
		};
		168AD6AF2A57EF060097985C /* Debug */ = {
			isa = XCBuildConfiguration;
			buildSettings = {
				ASSETCATALOG_COMPILER_APPICON_NAME = AppIcon;
				ASSETCATALOG_COMPILER_GLOBAL_ACCENT_COLOR_NAME = AccentColor;
				CODE_SIGN_STYLE = Automatic;
				CURRENT_PROJECT_VERSION = 1;
				DEVELOPMENT_ASSET_PATHS = "\"MC3-F4-DoWonGyoRi Watch App/Preview Content\"";
				DEVELOPMENT_TEAM = UULN4L9KLP;
				ENABLE_PREVIEWS = YES;
				GENERATE_INFOPLIST_FILE = YES;
				INFOPLIST_KEY_CFBundleDisplayName = "MC3-F4-DoWonGyoRi";
				INFOPLIST_KEY_UISupportedInterfaceOrientations = "UIInterfaceOrientationPortrait UIInterfaceOrientationPortraitUpsideDown";
				INFOPLIST_KEY_WKCompanionAppBundleIdentifier = "mc3.MC3-F4-DoWonGyoRi";
				LD_RUNPATH_SEARCH_PATHS = (
					"$(inherited)",
					"@executable_path/Frameworks",
				);
				MARKETING_VERSION = 1.0;
				PRODUCT_BUNDLE_IDENTIFIER = "mc3.MC3-F4-DoWonGyoRi.watchkitapp";
				PRODUCT_NAME = "$(TARGET_NAME)";
				SDKROOT = watchos;
				SKIP_INSTALL = YES;
				SWIFT_EMIT_LOC_STRINGS = YES;
				SWIFT_VERSION = 5.0;
				TARGETED_DEVICE_FAMILY = 4;
				WATCHOS_DEPLOYMENT_TARGET = 9.4;
			};
			name = Debug;
		};
		168AD6B02A57EF060097985C /* Release */ = {
			isa = XCBuildConfiguration;
			buildSettings = {
				ASSETCATALOG_COMPILER_APPICON_NAME = AppIcon;
				ASSETCATALOG_COMPILER_GLOBAL_ACCENT_COLOR_NAME = AccentColor;
				CODE_SIGN_STYLE = Automatic;
				CURRENT_PROJECT_VERSION = 1;
				DEVELOPMENT_ASSET_PATHS = "\"MC3-F4-DoWonGyoRi Watch App/Preview Content\"";
				DEVELOPMENT_TEAM = UULN4L9KLP;
				ENABLE_PREVIEWS = YES;
				GENERATE_INFOPLIST_FILE = YES;
				INFOPLIST_KEY_CFBundleDisplayName = "MC3-F4-DoWonGyoRi";
				INFOPLIST_KEY_UISupportedInterfaceOrientations = "UIInterfaceOrientationPortrait UIInterfaceOrientationPortraitUpsideDown";
				INFOPLIST_KEY_WKCompanionAppBundleIdentifier = "mc3.MC3-F4-DoWonGyoRi";
				LD_RUNPATH_SEARCH_PATHS = (
					"$(inherited)",
					"@executable_path/Frameworks",
				);
				MARKETING_VERSION = 1.0;
				PRODUCT_BUNDLE_IDENTIFIER = "mc3.MC3-F4-DoWonGyoRi.watchkitapp";
				PRODUCT_NAME = "$(TARGET_NAME)";
				SDKROOT = watchos;
				SKIP_INSTALL = YES;
				SWIFT_EMIT_LOC_STRINGS = YES;
				SWIFT_VERSION = 5.0;
				TARGETED_DEVICE_FAMILY = 4;
				VALIDATE_PRODUCT = YES;
				WATCHOS_DEPLOYMENT_TARGET = 9.4;
			};
			name = Release;
		};
		168AD6B32A57EF060097985C /* Debug */ = {
			isa = XCBuildConfiguration;
			buildSettings = {
				ALWAYS_EMBED_SWIFT_STANDARD_LIBRARIES = YES;
				ASSETCATALOG_COMPILER_APPICON_NAME = AppIcon;
				ASSETCATALOG_COMPILER_GLOBAL_ACCENT_COLOR_NAME = AccentColor;
				CODE_SIGN_STYLE = Automatic;
				CURRENT_PROJECT_VERSION = 1;
				DEVELOPMENT_ASSET_PATHS = "\"MC3-F4-DoWonGyoRi/Preview Content\"";
				DEVELOPMENT_TEAM = UULN4L9KLP;
				ENABLE_PREVIEWS = YES;
				GENERATE_INFOPLIST_FILE = YES;
				INFOPLIST_FILE = "MC3-F4-DoWonGyoRi/Info.plist";
				INFOPLIST_KEY_CFBundleDisplayName = Tering;
				INFOPLIST_KEY_LSApplicationCategoryType = "public.app-category.healthcare-fitness";
				INFOPLIST_KEY_NSPhotoLibraryUsageDescription = "프로필 사진을 등록하기 위해 사진 저장 공간 권한 허용이 필요합니다.";
				INFOPLIST_KEY_UIApplicationSceneManifest_Generation = YES;
				INFOPLIST_KEY_UIApplicationSupportsIndirectInputEvents = YES;
				INFOPLIST_KEY_UIStatusBarStyle = "";
				INFOPLIST_KEY_UISupportedInterfaceOrientations = UIInterfaceOrientationPortrait;
				INFOPLIST_KEY_UISupportedInterfaceOrientations_iPad = "UIInterfaceOrientationLandscapeLeft UIInterfaceOrientationLandscapeRight UIInterfaceOrientationPortrait UIInterfaceOrientationPortraitUpsideDown";
				INFOPLIST_KEY_UIUserInterfaceStyle = Dark;
				IPHONEOS_DEPLOYMENT_TARGET = 16.0;
				LD_RUNPATH_SEARCH_PATHS = (
					"$(inherited)",
					"@executable_path/Frameworks",
				);
				MARKETING_VERSION = 1.0;
				PRODUCT_BUNDLE_IDENTIFIER = "mc3.MC3-F4-DoWonGyoRi";
				PRODUCT_NAME = "$(TARGET_NAME)";
				SDKROOT = iphoneos;
				SUPPORTED_PLATFORMS = "iphoneos iphonesimulator";
				SUPPORTS_MACCATALYST = NO;
				SUPPORTS_MAC_DESIGNED_FOR_IPHONE_IPAD = NO;
				SWIFT_EMIT_LOC_STRINGS = YES;
				SWIFT_VERSION = 5.0;
				TARGETED_DEVICE_FAMILY = 1;
			};
			name = Debug;
		};
		168AD6B42A57EF060097985C /* Release */ = {
			isa = XCBuildConfiguration;
			buildSettings = {
				ALWAYS_EMBED_SWIFT_STANDARD_LIBRARIES = YES;
				ASSETCATALOG_COMPILER_APPICON_NAME = AppIcon;
				ASSETCATALOG_COMPILER_GLOBAL_ACCENT_COLOR_NAME = AccentColor;
				CODE_SIGN_STYLE = Automatic;
				CURRENT_PROJECT_VERSION = 1;
				DEVELOPMENT_ASSET_PATHS = "\"MC3-F4-DoWonGyoRi/Preview Content\"";
				DEVELOPMENT_TEAM = UULN4L9KLP;
				ENABLE_PREVIEWS = YES;
				GENERATE_INFOPLIST_FILE = YES;
				INFOPLIST_FILE = "MC3-F4-DoWonGyoRi/Info.plist";
				INFOPLIST_KEY_CFBundleDisplayName = Tering;
				INFOPLIST_KEY_LSApplicationCategoryType = "public.app-category.healthcare-fitness";
				INFOPLIST_KEY_NSPhotoLibraryUsageDescription = "프로필 사진을 등록하기 위해 사진 저장 공간 권한 허용이 필요합니다.";
				INFOPLIST_KEY_UIApplicationSceneManifest_Generation = YES;
				INFOPLIST_KEY_UIApplicationSupportsIndirectInputEvents = YES;
				INFOPLIST_KEY_UIStatusBarStyle = "";
				INFOPLIST_KEY_UISupportedInterfaceOrientations = UIInterfaceOrientationPortrait;
				INFOPLIST_KEY_UISupportedInterfaceOrientations_iPad = "UIInterfaceOrientationLandscapeLeft UIInterfaceOrientationLandscapeRight UIInterfaceOrientationPortrait UIInterfaceOrientationPortraitUpsideDown";
				INFOPLIST_KEY_UIUserInterfaceStyle = Dark;
				IPHONEOS_DEPLOYMENT_TARGET = 16.0;
				LD_RUNPATH_SEARCH_PATHS = (
					"$(inherited)",
					"@executable_path/Frameworks",
				);
				MARKETING_VERSION = 1.0;
				PRODUCT_BUNDLE_IDENTIFIER = "mc3.MC3-F4-DoWonGyoRi";
				PRODUCT_NAME = "$(TARGET_NAME)";
				SDKROOT = iphoneos;
				SUPPORTED_PLATFORMS = "iphoneos iphonesimulator";
				SUPPORTS_MACCATALYST = NO;
				SUPPORTS_MAC_DESIGNED_FOR_IPHONE_IPAD = NO;
				SWIFT_EMIT_LOC_STRINGS = YES;
				SWIFT_VERSION = 5.0;
				TARGETED_DEVICE_FAMILY = 1;
				VALIDATE_PRODUCT = YES;
			};
			name = Release;
		};
/* End XCBuildConfiguration section */

/* Begin XCConfigurationList section */
		168AD6892A57EF030097985C /* Build configuration list for PBXProject "MC3-F4-DoWonGyoRi" */ = {
			isa = XCConfigurationList;
			buildConfigurations = (
				168AD6AC2A57EF060097985C /* Debug */,
				168AD6AD2A57EF060097985C /* Release */,
			);
			defaultConfigurationIsVisible = 0;
			defaultConfigurationName = Release;
		};
		168AD6AE2A57EF060097985C /* Build configuration list for PBXNativeTarget "MC3-F4-DoWonGyoRi Watch App" */ = {
			isa = XCConfigurationList;
			buildConfigurations = (
				168AD6AF2A57EF060097985C /* Debug */,
				168AD6B02A57EF060097985C /* Release */,
			);
			defaultConfigurationIsVisible = 0;
			defaultConfigurationName = Release;
		};
		168AD6B22A57EF060097985C /* Build configuration list for PBXNativeTarget "MC3-F4-DoWonGyoRi" */ = {
			isa = XCConfigurationList;
			buildConfigurations = (
				168AD6B32A57EF060097985C /* Debug */,
				168AD6B42A57EF060097985C /* Release */,
			);
			defaultConfigurationIsVisible = 0;
			defaultConfigurationName = Release;
		};
/* End XCConfigurationList section */

/* Begin XCRemoteSwiftPackageReference section */
		164F9DB82A60F1EF006D5825 /* XCRemoteSwiftPackageReference "swiftui-navigation-stack" */ = {
			isa = XCRemoteSwiftPackageReference;
			repositoryURL = "https://github.com/matteopuc/swiftui-navigation-stack.git";
			requirement = {
				kind = upToNextMajorVersion;
				minimumVersion = 1.0.0;
			};
		};
/* End XCRemoteSwiftPackageReference section */

/* Begin XCSwiftPackageProductDependency section */
		164F9DB92A60F1EF006D5825 /* NavigationStack */ = {
			isa = XCSwiftPackageProductDependency;
			package = 164F9DB82A60F1EF006D5825 /* XCRemoteSwiftPackageReference "swiftui-navigation-stack" */;
			productName = NavigationStack;
		};
/* End XCSwiftPackageProductDependency section */
	};
	rootObject = 168AD6862A57EF030097985C /* Project object */;
}
