// !$*UTF8*$!
{
	archiveVersion = 1;
	classes = {
	};
	objectVersion = 56;
	objects = {

/* Begin PBXBuildFile section */
		160B1E722A6F93BD00A708CC /* CameraView.swift in Sources */ = {isa = PBXBuildFile; fileRef = 160B1E712A6F93BD00A708CC /* CameraView.swift */; };
		160B1E742A6F93CC00A708CC /* CameraViewModel.swift in Sources */ = {isa = PBXBuildFile; fileRef = 160B1E732A6F93CC00A708CC /* CameraViewModel.swift */; };
		160B1E762A6F93D400A708CC /* CameraModel.swift in Sources */ = {isa = PBXBuildFile; fileRef = 160B1E752A6F93D400A708CC /* CameraModel.swift */; };
		160B1E782A6F93FF00A708CC /* CongreteModalView.swift in Sources */ = {isa = PBXBuildFile; fileRef = 160B1E772A6F93FF00A708CC /* CongreteModalView.swift */; };
		160B1E7A2A6F940800A708CC /* EmitterView.swift in Sources */ = {isa = PBXBuildFile; fileRef = 160B1E792A6F940800A708CC /* EmitterView.swift */; };
		160B1E7C2A6F943600A708CC /* OnboardingView.swift in Sources */ = {isa = PBXBuildFile; fileRef = 160B1E7B2A6F943600A708CC /* OnboardingView.swift */; };
		160B1E7E2A6F944A00A708CC /* TodayDetailView.swift in Sources */ = {isa = PBXBuildFile; fileRef = 160B1E7D2A6F944A00A708CC /* TodayDetailView.swift */; };
		160B1E802A6F946100A708CC /* GuideView.swift in Sources */ = {isa = PBXBuildFile; fileRef = 160B1E7F2A6F946100A708CC /* GuideView.swift */; };
		160B1E822A6F947700A708CC /* SettingView.swift in Sources */ = {isa = PBXBuildFile; fileRef = 160B1E812A6F947700A708CC /* SettingView.swift */; };
		160B1E842A6F948300A708CC /* UserInfoSettingView.swift in Sources */ = {isa = PBXBuildFile; fileRef = 160B1E832A6F948300A708CC /* UserInfoSettingView.swift */; };
		160B1E862A6F948D00A708CC /* UserStrokeSettingView.swift in Sources */ = {isa = PBXBuildFile; fileRef = 160B1E852A6F948D00A708CC /* UserStrokeSettingView.swift */; };
		160B1E882A6F949900A708CC /* UserProfileSettingView.swift in Sources */ = {isa = PBXBuildFile; fileRef = 160B1E872A6F949900A708CC /* UserProfileSettingView.swift */; };
		160B1E8A2A6F94D600A708CC /* MainView.swift in Sources */ = {isa = PBXBuildFile; fileRef = 160B1E892A6F94D600A708CC /* MainView.swift */; };
		160B1E8C2A6F94E100A708CC /* RingChartsView.swift in Sources */ = {isa = PBXBuildFile; fileRef = 160B1E8B2A6F94E100A708CC /* RingChartsView.swift */; };
		160B1E8E2A6F950C00A708CC /* ColorExtension.swift in Sources */ = {isa = PBXBuildFile; fileRef = 160B1E8D2A6F950C00A708CC /* ColorExtension.swift */; };
		160B1E972A6F95F100A708CC /* Media.xcassets in Resources */ = {isa = PBXBuildFile; fileRef = 160B1E962A6F95F100A708CC /* Media.xcassets */; };
		160B1ED52A6F969A00A708CC /* GifView.swift in Sources */ = {isa = PBXBuildFile; fileRef = 160B1ED42A6F969A00A708CC /* GifView.swift */; };
		160B1ED72A6F96BE00A708CC /* CustomBackButton.swift in Sources */ = {isa = PBXBuildFile; fileRef = 160B1ED62A6F96BE00A708CC /* CustomBackButton.swift */; };
		1639E6952AA062E4008AE6AC /* UserData+CoreDataClass.swift in Sources */ = {isa = PBXBuildFile; fileRef = C95DC4722A97284A00649FF7 /* UserData+CoreDataClass.swift */; };
		1639E6962AA062E6008AE6AC /* UserData+CoreDataProperties.swift in Sources */ = {isa = PBXBuildFile; fileRef = C95DC4732A97284A00649FF7 /* UserData+CoreDataProperties.swift */; };
		1639E6992AA063B7008AE6AC /* WorkOutData+CoreDataClass.swift in Sources */ = {isa = PBXBuildFile; fileRef = 1639E6972AA063B7008AE6AC /* WorkOutData+CoreDataClass.swift */; };
		1639E69A2AA063B7008AE6AC /* WorkOutData+CoreDataProperties.swift in Sources */ = {isa = PBXBuildFile; fileRef = 1639E6982AA063B7008AE6AC /* WorkOutData+CoreDataProperties.swift */; };
		1639E69B2AA063CB008AE6AC /* WorkOutData+CoreDataProperties.swift in Sources */ = {isa = PBXBuildFile; fileRef = 1639E6982AA063B7008AE6AC /* WorkOutData+CoreDataProperties.swift */; };
		1639E69C2AA063CE008AE6AC /* WorkOutData+CoreDataClass.swift in Sources */ = {isa = PBXBuildFile; fileRef = 1639E6972AA063B7008AE6AC /* WorkOutData+CoreDataClass.swift */; };
		1656EEA72A709C4900651C04 /* Inter-Black.otf in Resources */ = {isa = PBXBuildFile; fileRef = C99DF3432A6FA755002DCED7 /* Inter-Black.otf */; };
		1656EEA82A709C4D00651C04 /* Inter-BlackItalic.otf in Resources */ = {isa = PBXBuildFile; fileRef = C99DF3492A6FA755002DCED7 /* Inter-BlackItalic.otf */; };
		1656EEA92A709C5000651C04 /* Inter-Bold.otf in Resources */ = {isa = PBXBuildFile; fileRef = C99DF34A2A6FA755002DCED7 /* Inter-Bold.otf */; };
		1656EEAA2A709C5400651C04 /* Inter-BoldItalic.otf in Resources */ = {isa = PBXBuildFile; fileRef = C99DF3452A6FA755002DCED7 /* Inter-BoldItalic.otf */; };
		1656EEAB2A709CD900651C04 /* Inter-SemiBold.otf in Resources */ = {isa = PBXBuildFile; fileRef = C99DF34D2A6FA756002DCED7 /* Inter-SemiBold.otf */; };
		1687D1522A9C8A1D00F97008 /* UserInfo.xcdatamodeld in Sources */ = {isa = PBXBuildFile; fileRef = C99DF3292A6FA4CA002DCED7 /* UserInfo.xcdatamodeld */; };
		1687D1552A9C8A3A00F97008 /* WorkOutDataModel.swift in Sources */ = {isa = PBXBuildFile; fileRef = 1687E3212A6F7A300004D87A /* WorkOutDataModel.swift */; };
		1687D1562A9C8A7900F97008 /* CoreDataManager.swift in Sources */ = {isa = PBXBuildFile; fileRef = 1687E31D2A6F7A0B0004D87A /* CoreDataManager.swift */; };
		1687E2B72A6F6FD20004D87A /* MC3_TeringApp.swift in Sources */ = {isa = PBXBuildFile; fileRef = 1687E2B62A6F6FD20004D87A /* MC3_TeringApp.swift */; };
		1687E2B92A6F6FD20004D87A /* ContentView.swift in Sources */ = {isa = PBXBuildFile; fileRef = 1687E2B82A6F6FD20004D87A /* ContentView.swift */; };
		1687E2BB2A6F6FD30004D87A /* Assets.xcassets in Resources */ = {isa = PBXBuildFile; fileRef = 1687E2BA2A6F6FD30004D87A /* Assets.xcassets */; };
		1687E2CB2A6F70270004D87A /* MC3_Tering_WatchApp.swift in Sources */ = {isa = PBXBuildFile; fileRef = 1687E2CA2A6F70270004D87A /* MC3_Tering_WatchApp.swift */; };
		1687E2CF2A6F70280004D87A /* Assets.xcassets in Resources */ = {isa = PBXBuildFile; fileRef = 1687E2CE2A6F70280004D87A /* Assets.xcassets */; };
		1687E2D22A6F70280004D87A /* Preview Assets.xcassets in Resources */ = {isa = PBXBuildFile; fileRef = 1687E2D12A6F70280004D87A /* Preview Assets.xcassets */; };
		1687E2D52A6F70280004D87A /* MC3_Tering_Watch Watch App.app in Embed Watch Content */ = {isa = PBXBuildFile; fileRef = 1687E2C82A6F70270004D87A /* MC3_Tering_Watch Watch App.app */; settings = {ATTRIBUTES = (RemoveHeadersOnCopy, ); }; };
		1687E2DD2A6F70DD0004D87A /* ViewModelPhone.swift in Sources */ = {isa = PBXBuildFile; fileRef = 1687E2DC2A6F70DD0004D87A /* ViewModelPhone.swift */; };
		1687E2DF2A6F71180004D87A /* TestPhoneView.swift in Sources */ = {isa = PBXBuildFile; fileRef = 1687E2DE2A6F71180004D87A /* TestPhoneView.swift */; };
		1687E2E32A6F714D0004D87A /* ViewModelWatch.swift in Sources */ = {isa = PBXBuildFile; fileRef = 1687E2E22A6F714D0004D87A /* ViewModelWatch.swift */; };
		1687E2E92A6F721F0004D87A /* Particle.swift in Sources */ = {isa = PBXBuildFile; fileRef = 1687E2E82A6F721F0004D87A /* Particle.swift */; };
		1687E2EB2A6F72260004D87A /* ParticleEffect.swift in Sources */ = {isa = PBXBuildFile; fileRef = 1687E2EA2A6F72260004D87A /* ParticleEffect.swift */; };
		1687E2F42A6F72F50004D87A /* SwingResultView.swift in Sources */ = {isa = PBXBuildFile; fileRef = 1687E2F32A6F72F50004D87A /* SwingResultView.swift */; };
		1687E2F62A6F72FE0004D87A /* MeasuringView.swift in Sources */ = {isa = PBXBuildFile; fileRef = 1687E2F52A6F72FE0004D87A /* MeasuringView.swift */; };
		1687E2F82A6F73040004D87A /* ReadyView.swift in Sources */ = {isa = PBXBuildFile; fileRef = 1687E2F72A6F73040004D87A /* ReadyView.swift */; };
		1687E2FA2A6F730C0004D87A /* SwingCountView.swift in Sources */ = {isa = PBXBuildFile; fileRef = 1687E2F92A6F730C0004D87A /* SwingCountView.swift */; };
		1687E3002A6F73230004D87A /* CountingView.swift in Sources */ = {isa = PBXBuildFile; fileRef = 1687E2FF2A6F73230004D87A /* CountingView.swift */; };
		1687E3022A6F732B0004D87A /* CompleteView.swift in Sources */ = {isa = PBXBuildFile; fileRef = 1687E3012A6F732B0004D87A /* CompleteView.swift */; };
		1687E3042A6F73360004D87A /* ResultView.swift in Sources */ = {isa = PBXBuildFile; fileRef = 1687E3032A6F73360004D87A /* ResultView.swift */; };
		1687E3072A6F74700004D87A /* ColorExtension.swift in Sources */ = {isa = PBXBuildFile; fileRef = 1687E3062A6F74700004D87A /* ColorExtension.swift */; };
		1687E3092A6F74790004D87A /* CircleProgressBar.swift in Sources */ = {isa = PBXBuildFile; fileRef = 1687E3082A6F74790004D87A /* CircleProgressBar.swift */; };
		1687E3122A6F79900004D87A /* EmitterManager.swift in Sources */ = {isa = PBXBuildFile; fileRef = 1687E3112A6F79900004D87A /* EmitterManager.swift */; };
		1687E3142A6F79970004D87A /* HapticManager.swift in Sources */ = {isa = PBXBuildFile; fileRef = 1687E3132A6F79970004D87A /* HapticManager.swift */; };
		1687E31E2A6F7A0B0004D87A /* CoreDataManager.swift in Sources */ = {isa = PBXBuildFile; fileRef = 1687E31D2A6F7A0B0004D87A /* CoreDataManager.swift */; };
		1687E3202A6F7A270004D87A /* UserDataModel.swift in Sources */ = {isa = PBXBuildFile; fileRef = 1687E31F2A6F7A260004D87A /* UserDataModel.swift */; };
		1687E3222A6F7A300004D87A /* WorkOutDataModel.swift in Sources */ = {isa = PBXBuildFile; fileRef = 1687E3212A6F7A300004D87A /* WorkOutDataModel.swift */; };
		16A219212A6FDDAD00952653 /* WorkoutResultInfo.swift in Sources */ = {isa = PBXBuildFile; fileRef = 16A219202A6FDDAD00952653 /* WorkoutResultInfo.swift */; };
		16AFA5462A72119D0097CC8F /* SwingInfo.swift in Sources */ = {isa = PBXBuildFile; fileRef = 16AFA5452A72119D0097CC8F /* SwingInfo.swift */; };
		16BB115A2A734C4500C096D9 /* SwingCompleteView.swift in Sources */ = {isa = PBXBuildFile; fileRef = 16BB11592A734C4500C096D9 /* SwingCompleteView.swift */; };
		16BB115C2A735ADB00C096D9 /* SelectView.swift in Sources */ = {isa = PBXBuildFile; fileRef = 16BB115B2A735ADB00C096D9 /* SelectView.swift */; };
		B82111502A7413960043CE6D /* WorkoutManager.swift in Sources */ = {isa = PBXBuildFile; fileRef = B821114F2A7413960043CE6D /* WorkoutManager.swift */; };
		B82111762A75629A0043CE6D /* ElapsedTimeView.swift in Sources */ = {isa = PBXBuildFile; fileRef = B82111752A75629A0043CE6D /* ElapsedTimeView.swift */; };
		B82111782A76947A0043CE6D /* RecordChartView.swift in Sources */ = {isa = PBXBuildFile; fileRef = B82111772A76947A0043CE6D /* RecordChartView.swift */; };
		B82E484F2A7944B500E38151 /* PerfectSummaryChartView.swift in Sources */ = {isa = PBXBuildFile; fileRef = B82E484E2A7944B500E38151 /* PerfectSummaryChartView.swift */; };
		B82E48512A79634400E38151 /* CompareChartView.swift in Sources */ = {isa = PBXBuildFile; fileRef = B82E48502A79634400E38151 /* CompareChartView.swift */; };
		B82E48532A7967C600E38151 /* WorkoutSummaryChartView.swift in Sources */ = {isa = PBXBuildFile; fileRef = B82E48522A7967C600E38151 /* WorkoutSummaryChartView.swift */; };
		B84107DB2A9D9C24006A34E4 /* TestLayoutView.swift in Sources */ = {isa = PBXBuildFile; fileRef = B84107DA2A9D9C24006A34E4 /* TestLayoutView.swift */; };
		B87504722A778F740098167A /* WeekChartview.swift in Sources */ = {isa = PBXBuildFile; fileRef = B87504712A778F740098167A /* WeekChartview.swift */; };
		B87504742A778F850098167A /* MonthChartView.swift in Sources */ = {isa = PBXBuildFile; fileRef = B87504732A778F850098167A /* MonthChartView.swift */; };
		B87504762A778F8D0098167A /* SixMonthsChartView.swift in Sources */ = {isa = PBXBuildFile; fileRef = B87504752A778F8D0098167A /* SixMonthsChartView.swift */; };
		B87504782A778F960098167A /* YearChartView.swift in Sources */ = {isa = PBXBuildFile; fileRef = B87504772A778F960098167A /* YearChartView.swift */; };
		B875047A2A7790610098167A /* CustomSegmentedView.swift in Sources */ = {isa = PBXBuildFile; fileRef = B87504792A7790610098167A /* CustomSegmentedView.swift */; };
		B875047C2A7792B80098167A /* DateExtension.swift in Sources */ = {isa = PBXBuildFile; fileRef = B875047B2A7792B80098167A /* DateExtension.swift */; };
		B87CEBFC2A70B37E0038BFDB /* TennisClassifierViewModel.swift in Sources */ = {isa = PBXBuildFile; fileRef = B87CEBFB2A70B37E0038BFDB /* TennisClassifierViewModel.swift */; };
		B87CEBFE2A710C600038BFDB /* TeringClassifier_totalData_window100.mlmodel in Sources */ = {isa = PBXBuildFile; fileRef = B87CEBFD2A710C600038BFDB /* TeringClassifier_totalData_window100.mlmodel */; };
		C93885D72A7352FD006FFB1A /* backhandSwing.gif in Resources */ = {isa = PBXBuildFile; fileRef = C93885D52A7352FD006FFB1A /* backhandSwing.gif */; };
		C93885D82A7352FD006FFB1A /* forehandSwing.gif in Resources */ = {isa = PBXBuildFile; fileRef = C93885D62A7352FD006FFB1A /* forehandSwing.gif */; };
		C95DC4742A97284A00649FF7 /* UserData+CoreDataClass.swift in Sources */ = {isa = PBXBuildFile; fileRef = C95DC4722A97284A00649FF7 /* UserData+CoreDataClass.swift */; };
		C95DC4752A97284A00649FF7 /* UserData+CoreDataProperties.swift in Sources */ = {isa = PBXBuildFile; fileRef = C95DC4732A97284A00649FF7 /* UserData+CoreDataProperties.swift */; };
		C95DC4772A9C308B00649FF7 /* RecordListView.swift in Sources */ = {isa = PBXBuildFile; fileRef = C95DC4762A9C308B00649FF7 /* RecordListView.swift */; };
		C98DDF4B2A9CDA1600E99C6E /* RecordDetailView.swift in Sources */ = {isa = PBXBuildFile; fileRef = C98DDF4A2A9CDA1600E99C6E /* RecordDetailView.swift */; };
		C99DF32B2A6FA4CA002DCED7 /* UserInfo.xcdatamodeld in Sources */ = {isa = PBXBuildFile; fileRef = C99DF3292A6FA4CA002DCED7 /* UserInfo.xcdatamodeld */; };
		C9A645252A72930200B326C5 /* AppGuideView.swift in Sources */ = {isa = PBXBuildFile; fileRef = C9A645242A72930200B326C5 /* AppGuideView.swift */; };
		C9AEE53F2A6FAADE0071C863 /* Inter-Black.otf in Resources */ = {isa = PBXBuildFile; fileRef = C99DF3432A6FA755002DCED7 /* Inter-Black.otf */; };
		C9AEE5402A6FAAE20071C863 /* Inter-BlackItalic.otf in Resources */ = {isa = PBXBuildFile; fileRef = C99DF3492A6FA755002DCED7 /* Inter-BlackItalic.otf */; };
		C9AEE5412A6FAAE50071C863 /* Inter-Bold.otf in Resources */ = {isa = PBXBuildFile; fileRef = C99DF34A2A6FA755002DCED7 /* Inter-Bold.otf */; };
		C9AEE5432A6FB0080071C863 /* Inter-BoldItalic.otf in Resources */ = {isa = PBXBuildFile; fileRef = C99DF3452A6FA755002DCED7 /* Inter-BoldItalic.otf */; };
		C9AEE5442A6FB00D0071C863 /* Inter-ExtraBold.otf in Resources */ = {isa = PBXBuildFile; fileRef = C99DF3482A6FA755002DCED7 /* Inter-ExtraBold.otf */; };
		C9AEE5452A6FB00F0071C863 /* Inter-ExtraBoldItalic.otf in Resources */ = {isa = PBXBuildFile; fileRef = C99DF33D2A6FA754002DCED7 /* Inter-ExtraBoldItalic.otf */; };
		C9AEE5462A6FB7540071C863 /* Inter-ExtraLight.otf in Resources */ = {isa = PBXBuildFile; fileRef = C99DF34E2A6FA756002DCED7 /* Inter-ExtraLight.otf */; };
		C9AEE5472A6FB7570071C863 /* Inter-ExtraLightItalic.otf in Resources */ = {isa = PBXBuildFile; fileRef = C99DF3412A6FA755002DCED7 /* Inter-ExtraLightItalic.otf */; };
		C9AEE5482A6FB75A0071C863 /* Inter-Italic.otf in Resources */ = {isa = PBXBuildFile; fileRef = C99DF3472A6FA755002DCED7 /* Inter-Italic.otf */; };
		C9AEE5492A6FB75D0071C863 /* Inter-Light.otf in Resources */ = {isa = PBXBuildFile; fileRef = C99DF33E2A6FA754002DCED7 /* Inter-Light.otf */; };
		C9AEE54A2A6FB7600071C863 /* Inter-LightItalic.otf in Resources */ = {isa = PBXBuildFile; fileRef = C99DF3462A6FA755002DCED7 /* Inter-LightItalic.otf */; };
		C9AEE54B2A6FB7680071C863 /* Inter-Medium.otf in Resources */ = {isa = PBXBuildFile; fileRef = C99DF3422A6FA755002DCED7 /* Inter-Medium.otf */; };
		C9AEE54C2A6FB76B0071C863 /* Inter-MediumItalic.otf in Resources */ = {isa = PBXBuildFile; fileRef = C99DF33F2A6FA755002DCED7 /* Inter-MediumItalic.otf */; };
		C9AEE54D2A6FB76D0071C863 /* Inter-Regular.otf in Resources */ = {isa = PBXBuildFile; fileRef = C99DF34C2A6FA756002DCED7 /* Inter-Regular.otf */; };
		C9AEE54E2A6FB7700071C863 /* Inter-SemiBold.otf in Resources */ = {isa = PBXBuildFile; fileRef = C99DF34D2A6FA756002DCED7 /* Inter-SemiBold.otf */; };
		C9AEE54F2A6FB7720071C863 /* Inter-SemiBoldItalic.otf in Resources */ = {isa = PBXBuildFile; fileRef = C99DF3402A6FA755002DCED7 /* Inter-SemiBoldItalic.otf */; };
		C9AEE5502A6FB7750071C863 /* Inter-Thin.otf in Resources */ = {isa = PBXBuildFile; fileRef = C99DF3442A6FA755002DCED7 /* Inter-Thin.otf */; };
		C9AEE5512A6FB7770071C863 /* Inter-ThinItalic.otf in Resources */ = {isa = PBXBuildFile; fileRef = C99DF34B2A6FA756002DCED7 /* Inter-ThinItalic.otf */; };
		C9AEE5522A6FB77A0071C863 /* Inter-V.ttf in Resources */ = {isa = PBXBuildFile; fileRef = C99DF33C2A6FA754002DCED7 /* Inter-V.ttf */; };
/* End PBXBuildFile section */

/* Begin PBXContainerItemProxy section */
		1687E2D32A6F70280004D87A /* PBXContainerItemProxy */ = {
			isa = PBXContainerItemProxy;
			containerPortal = 1687E2AB2A6F6FD20004D87A /* Project object */;
			proxyType = 1;
			remoteGlobalIDString = 1687E2C72A6F70270004D87A;
			remoteInfo = "MC3_Tering_Watch Watch App";
		};
/* End PBXContainerItemProxy section */

/* Begin PBXCopyFilesBuildPhase section */
		1687E2D92A6F70280004D87A /* Embed Watch Content */ = {
			isa = PBXCopyFilesBuildPhase;
			buildActionMask = 2147483647;
			dstPath = "$(CONTENTS_FOLDER_PATH)/Watch";
			dstSubfolderSpec = 16;
			files = (
				1687E2D52A6F70280004D87A /* MC3_Tering_Watch Watch App.app in Embed Watch Content */,
			);
			name = "Embed Watch Content";
			runOnlyForDeploymentPostprocessing = 0;
		};
/* End PBXCopyFilesBuildPhase section */

/* Begin PBXFileReference section */
		160B1E712A6F93BD00A708CC /* CameraView.swift */ = {isa = PBXFileReference; lastKnownFileType = sourcecode.swift; name = CameraView.swift; path = MC3_Tering/CameraView.swift; sourceTree = SOURCE_ROOT; };
		160B1E732A6F93CC00A708CC /* CameraViewModel.swift */ = {isa = PBXFileReference; lastKnownFileType = sourcecode.swift; name = CameraViewModel.swift; path = MC3_Tering/CameraViewModel.swift; sourceTree = SOURCE_ROOT; };
		160B1E752A6F93D400A708CC /* CameraModel.swift */ = {isa = PBXFileReference; lastKnownFileType = sourcecode.swift; name = CameraModel.swift; path = MC3_Tering/CameraModel.swift; sourceTree = SOURCE_ROOT; };
		160B1E772A6F93FF00A708CC /* CongreteModalView.swift */ = {isa = PBXFileReference; lastKnownFileType = sourcecode.swift; path = CongreteModalView.swift; sourceTree = "<group>"; };
		160B1E792A6F940800A708CC /* EmitterView.swift */ = {isa = PBXFileReference; lastKnownFileType = sourcecode.swift; path = EmitterView.swift; sourceTree = "<group>"; };
		160B1E7B2A6F943600A708CC /* OnboardingView.swift */ = {isa = PBXFileReference; lastKnownFileType = sourcecode.swift; path = OnboardingView.swift; sourceTree = "<group>"; };
		160B1E7D2A6F944A00A708CC /* TodayDetailView.swift */ = {isa = PBXFileReference; lastKnownFileType = sourcecode.swift; path = TodayDetailView.swift; sourceTree = "<group>"; };
		160B1E7F2A6F946100A708CC /* GuideView.swift */ = {isa = PBXFileReference; lastKnownFileType = sourcecode.swift; path = GuideView.swift; sourceTree = "<group>"; };
		160B1E812A6F947700A708CC /* SettingView.swift */ = {isa = PBXFileReference; lastKnownFileType = sourcecode.swift; path = SettingView.swift; sourceTree = "<group>"; };
		160B1E832A6F948300A708CC /* UserInfoSettingView.swift */ = {isa = PBXFileReference; lastKnownFileType = sourcecode.swift; path = UserInfoSettingView.swift; sourceTree = "<group>"; };
		160B1E852A6F948D00A708CC /* UserStrokeSettingView.swift */ = {isa = PBXFileReference; lastKnownFileType = sourcecode.swift; path = UserStrokeSettingView.swift; sourceTree = "<group>"; };
		160B1E872A6F949900A708CC /* UserProfileSettingView.swift */ = {isa = PBXFileReference; lastKnownFileType = sourcecode.swift; path = UserProfileSettingView.swift; sourceTree = "<group>"; };
		160B1E892A6F94D600A708CC /* MainView.swift */ = {isa = PBXFileReference; lastKnownFileType = sourcecode.swift; path = MainView.swift; sourceTree = "<group>"; };
		160B1E8B2A6F94E100A708CC /* RingChartsView.swift */ = {isa = PBXFileReference; lastKnownFileType = sourcecode.swift; path = RingChartsView.swift; sourceTree = "<group>"; };
		160B1E8D2A6F950C00A708CC /* ColorExtension.swift */ = {isa = PBXFileReference; lastKnownFileType = sourcecode.swift; path = ColorExtension.swift; sourceTree = "<group>"; };
		160B1E962A6F95F100A708CC /* Media.xcassets */ = {isa = PBXFileReference; lastKnownFileType = folder.assetcatalog; path = Media.xcassets; sourceTree = "<group>"; };
		160B1ED42A6F969A00A708CC /* GifView.swift */ = {isa = PBXFileReference; lastKnownFileType = sourcecode.swift; path = GifView.swift; sourceTree = "<group>"; };
		160B1ED62A6F96BE00A708CC /* CustomBackButton.swift */ = {isa = PBXFileReference; lastKnownFileType = sourcecode.swift; path = CustomBackButton.swift; sourceTree = "<group>"; };
		1639E6972AA063B7008AE6AC /* WorkOutData+CoreDataClass.swift */ = {isa = PBXFileReference; lastKnownFileType = sourcecode.swift; path = "WorkOutData+CoreDataClass.swift"; sourceTree = "<group>"; };
		1639E6982AA063B7008AE6AC /* WorkOutData+CoreDataProperties.swift */ = {isa = PBXFileReference; lastKnownFileType = sourcecode.swift; path = "WorkOutData+CoreDataProperties.swift"; sourceTree = "<group>"; };
		1687E2B32A6F6FD20004D87A /* MC3_Tering.app */ = {isa = PBXFileReference; explicitFileType = wrapper.application; includeInIndex = 0; path = MC3_Tering.app; sourceTree = BUILT_PRODUCTS_DIR; };
		1687E2B62A6F6FD20004D87A /* MC3_TeringApp.swift */ = {isa = PBXFileReference; lastKnownFileType = sourcecode.swift; path = MC3_TeringApp.swift; sourceTree = "<group>"; };
		1687E2B82A6F6FD20004D87A /* ContentView.swift */ = {isa = PBXFileReference; lastKnownFileType = sourcecode.swift; path = ContentView.swift; sourceTree = "<group>"; };
		1687E2BA2A6F6FD30004D87A /* Assets.xcassets */ = {isa = PBXFileReference; lastKnownFileType = folder.assetcatalog; path = Assets.xcassets; sourceTree = "<group>"; };
		1687E2C82A6F70270004D87A /* MC3_Tering_Watch Watch App.app */ = {isa = PBXFileReference; explicitFileType = wrapper.application; includeInIndex = 0; path = "MC3_Tering_Watch Watch App.app"; sourceTree = BUILT_PRODUCTS_DIR; };
		1687E2CA2A6F70270004D87A /* MC3_Tering_WatchApp.swift */ = {isa = PBXFileReference; lastKnownFileType = sourcecode.swift; path = MC3_Tering_WatchApp.swift; sourceTree = "<group>"; };
		1687E2CE2A6F70280004D87A /* Assets.xcassets */ = {isa = PBXFileReference; lastKnownFileType = folder.assetcatalog; path = Assets.xcassets; sourceTree = "<group>"; };
		1687E2D12A6F70280004D87A /* Preview Assets.xcassets */ = {isa = PBXFileReference; lastKnownFileType = folder.assetcatalog; path = "Preview Assets.xcassets"; sourceTree = "<group>"; };
		1687E2DC2A6F70DD0004D87A /* ViewModelPhone.swift */ = {isa = PBXFileReference; lastKnownFileType = sourcecode.swift; path = ViewModelPhone.swift; sourceTree = "<group>"; };
		1687E2DE2A6F71180004D87A /* TestPhoneView.swift */ = {isa = PBXFileReference; lastKnownFileType = sourcecode.swift; path = TestPhoneView.swift; sourceTree = "<group>"; };
		1687E2E22A6F714D0004D87A /* ViewModelWatch.swift */ = {isa = PBXFileReference; lastKnownFileType = sourcecode.swift; path = ViewModelWatch.swift; sourceTree = "<group>"; };
		1687E2E82A6F721F0004D87A /* Particle.swift */ = {isa = PBXFileReference; lastKnownFileType = sourcecode.swift; path = Particle.swift; sourceTree = "<group>"; };
		1687E2EA2A6F72260004D87A /* ParticleEffect.swift */ = {isa = PBXFileReference; lastKnownFileType = sourcecode.swift; path = ParticleEffect.swift; sourceTree = "<group>"; };
		1687E2F32A6F72F50004D87A /* SwingResultView.swift */ = {isa = PBXFileReference; lastKnownFileType = sourcecode.swift; path = SwingResultView.swift; sourceTree = "<group>"; };
		1687E2F52A6F72FE0004D87A /* MeasuringView.swift */ = {isa = PBXFileReference; lastKnownFileType = sourcecode.swift; path = MeasuringView.swift; sourceTree = "<group>"; };
		1687E2F72A6F73040004D87A /* ReadyView.swift */ = {isa = PBXFileReference; lastKnownFileType = sourcecode.swift; path = ReadyView.swift; sourceTree = "<group>"; };
		1687E2F92A6F730C0004D87A /* SwingCountView.swift */ = {isa = PBXFileReference; lastKnownFileType = sourcecode.swift; path = SwingCountView.swift; sourceTree = "<group>"; };
		1687E2FF2A6F73230004D87A /* CountingView.swift */ = {isa = PBXFileReference; lastKnownFileType = sourcecode.swift; path = CountingView.swift; sourceTree = "<group>"; };
		1687E3012A6F732B0004D87A /* CompleteView.swift */ = {isa = PBXFileReference; lastKnownFileType = sourcecode.swift; path = CompleteView.swift; sourceTree = "<group>"; };
		1687E3032A6F73360004D87A /* ResultView.swift */ = {isa = PBXFileReference; lastKnownFileType = sourcecode.swift; path = ResultView.swift; sourceTree = "<group>"; };
		1687E3062A6F74700004D87A /* ColorExtension.swift */ = {isa = PBXFileReference; lastKnownFileType = sourcecode.swift; path = ColorExtension.swift; sourceTree = "<group>"; };
		1687E3082A6F74790004D87A /* CircleProgressBar.swift */ = {isa = PBXFileReference; lastKnownFileType = sourcecode.swift; path = CircleProgressBar.swift; sourceTree = "<group>"; };
		1687E30A2A6F764D0004D87A /* MC3_Tering_Watch Watch App.entitlements */ = {isa = PBXFileReference; lastKnownFileType = text.plist.entitlements; path = "MC3_Tering_Watch Watch App.entitlements"; sourceTree = "<group>"; };
		1687E3112A6F79900004D87A /* EmitterManager.swift */ = {isa = PBXFileReference; lastKnownFileType = sourcecode.swift; path = EmitterManager.swift; sourceTree = "<group>"; };
		1687E3132A6F79970004D87A /* HapticManager.swift */ = {isa = PBXFileReference; lastKnownFileType = sourcecode.swift; path = HapticManager.swift; sourceTree = "<group>"; };
		1687E31D2A6F7A0B0004D87A /* CoreDataManager.swift */ = {isa = PBXFileReference; lastKnownFileType = sourcecode.swift; path = CoreDataManager.swift; sourceTree = "<group>"; };
		1687E31F2A6F7A260004D87A /* UserDataModel.swift */ = {isa = PBXFileReference; lastKnownFileType = sourcecode.swift; path = UserDataModel.swift; sourceTree = "<group>"; };
		1687E3212A6F7A300004D87A /* WorkOutDataModel.swift */ = {isa = PBXFileReference; lastKnownFileType = sourcecode.swift; path = WorkOutDataModel.swift; sourceTree = "<group>"; };
		16A219202A6FDDAD00952653 /* WorkoutResultInfo.swift */ = {isa = PBXFileReference; lastKnownFileType = sourcecode.swift; path = WorkoutResultInfo.swift; sourceTree = "<group>"; };
		16AFA5452A72119D0097CC8F /* SwingInfo.swift */ = {isa = PBXFileReference; lastKnownFileType = sourcecode.swift; path = SwingInfo.swift; sourceTree = "<group>"; };
		16BB11592A734C4500C096D9 /* SwingCompleteView.swift */ = {isa = PBXFileReference; lastKnownFileType = sourcecode.swift; path = SwingCompleteView.swift; sourceTree = "<group>"; };
		16BB115B2A735ADB00C096D9 /* SelectView.swift */ = {isa = PBXFileReference; lastKnownFileType = sourcecode.swift; path = SelectView.swift; sourceTree = "<group>"; };
		B821114E2A7409080043CE6D /* MC3-Tering-Watch-Watch-App-Info.plist */ = {isa = PBXFileReference; lastKnownFileType = text.plist; path = "MC3-Tering-Watch-Watch-App-Info.plist"; sourceTree = SOURCE_ROOT; };
		B821114F2A7413960043CE6D /* WorkoutManager.swift */ = {isa = PBXFileReference; lastKnownFileType = sourcecode.swift; path = WorkoutManager.swift; sourceTree = "<group>"; };
		B82111752A75629A0043CE6D /* ElapsedTimeView.swift */ = {isa = PBXFileReference; lastKnownFileType = sourcecode.swift; path = ElapsedTimeView.swift; sourceTree = "<group>"; };
		B82111772A76947A0043CE6D /* RecordChartView.swift */ = {isa = PBXFileReference; lastKnownFileType = sourcecode.swift; path = RecordChartView.swift; sourceTree = "<group>"; };
		B82E484E2A7944B500E38151 /* PerfectSummaryChartView.swift */ = {isa = PBXFileReference; lastKnownFileType = sourcecode.swift; path = PerfectSummaryChartView.swift; sourceTree = "<group>"; };
		B82E48502A79634400E38151 /* CompareChartView.swift */ = {isa = PBXFileReference; lastKnownFileType = sourcecode.swift; path = CompareChartView.swift; sourceTree = "<group>"; };
		B82E48522A7967C600E38151 /* WorkoutSummaryChartView.swift */ = {isa = PBXFileReference; lastKnownFileType = sourcecode.swift; path = WorkoutSummaryChartView.swift; sourceTree = "<group>"; };
		B84107DA2A9D9C24006A34E4 /* TestLayoutView.swift */ = {isa = PBXFileReference; lastKnownFileType = sourcecode.swift; path = TestLayoutView.swift; sourceTree = "<group>"; };
		B87504712A778F740098167A /* WeekChartview.swift */ = {isa = PBXFileReference; lastKnownFileType = sourcecode.swift; path = WeekChartview.swift; sourceTree = "<group>"; };
		B87504732A778F850098167A /* MonthChartView.swift */ = {isa = PBXFileReference; lastKnownFileType = sourcecode.swift; path = MonthChartView.swift; sourceTree = "<group>"; };
		B87504752A778F8D0098167A /* SixMonthsChartView.swift */ = {isa = PBXFileReference; lastKnownFileType = sourcecode.swift; path = SixMonthsChartView.swift; sourceTree = "<group>"; };
		B87504772A778F960098167A /* YearChartView.swift */ = {isa = PBXFileReference; lastKnownFileType = sourcecode.swift; path = YearChartView.swift; sourceTree = "<group>"; };
		B87504792A7790610098167A /* CustomSegmentedView.swift */ = {isa = PBXFileReference; lastKnownFileType = sourcecode.swift; path = CustomSegmentedView.swift; sourceTree = "<group>"; };
		B875047B2A7792B80098167A /* DateExtension.swift */ = {isa = PBXFileReference; lastKnownFileType = sourcecode.swift; path = DateExtension.swift; sourceTree = "<group>"; };
		B87CEBFB2A70B37E0038BFDB /* TennisClassifierViewModel.swift */ = {isa = PBXFileReference; lastKnownFileType = sourcecode.swift; path = TennisClassifierViewModel.swift; sourceTree = "<group>"; };
		B87CEBFD2A710C600038BFDB /* TeringClassifier_totalData_window100.mlmodel */ = {isa = PBXFileReference; lastKnownFileType = file.mlmodel; path = TeringClassifier_totalData_window100.mlmodel; sourceTree = "<group>"; };
		C93885D52A7352FD006FFB1A /* backhandSwing.gif */ = {isa = PBXFileReference; lastKnownFileType = image.gif; path = backhandSwing.gif; sourceTree = "<group>"; };
		C93885D62A7352FD006FFB1A /* forehandSwing.gif */ = {isa = PBXFileReference; lastKnownFileType = image.gif; path = forehandSwing.gif; sourceTree = "<group>"; };
		C95DC4722A97284A00649FF7 /* UserData+CoreDataClass.swift */ = {isa = PBXFileReference; lastKnownFileType = sourcecode.swift; path = "UserData+CoreDataClass.swift"; sourceTree = "<group>"; };
		C95DC4732A97284A00649FF7 /* UserData+CoreDataProperties.swift */ = {isa = PBXFileReference; lastKnownFileType = sourcecode.swift; path = "UserData+CoreDataProperties.swift"; sourceTree = "<group>"; };
		C95DC4762A9C308B00649FF7 /* RecordListView.swift */ = {isa = PBXFileReference; lastKnownFileType = sourcecode.swift; path = RecordListView.swift; sourceTree = "<group>"; };
		C98DDF4A2A9CDA1600E99C6E /* RecordDetailView.swift */ = {isa = PBXFileReference; lastKnownFileType = sourcecode.swift; path = RecordDetailView.swift; sourceTree = "<group>"; };
		C99DF3282A6FA246002DCED7 /* MC3-Tering-Info.plist */ = {isa = PBXFileReference; lastKnownFileType = text.plist; path = "MC3-Tering-Info.plist"; sourceTree = SOURCE_ROOT; };
		C99DF32A2A6FA4CA002DCED7 /* UserInfo.xcdatamodel */ = {isa = PBXFileReference; lastKnownFileType = wrapper.xcdatamodel; path = UserInfo.xcdatamodel; sourceTree = "<group>"; };
		C99DF33C2A6FA754002DCED7 /* Inter-V.ttf */ = {isa = PBXFileReference; lastKnownFileType = file; path = "Inter-V.ttf"; sourceTree = "<group>"; };
		C99DF33D2A6FA754002DCED7 /* Inter-ExtraBoldItalic.otf */ = {isa = PBXFileReference; lastKnownFileType = file; path = "Inter-ExtraBoldItalic.otf"; sourceTree = "<group>"; };
		C99DF33E2A6FA754002DCED7 /* Inter-Light.otf */ = {isa = PBXFileReference; lastKnownFileType = file; path = "Inter-Light.otf"; sourceTree = "<group>"; };
		C99DF33F2A6FA755002DCED7 /* Inter-MediumItalic.otf */ = {isa = PBXFileReference; lastKnownFileType = file; path = "Inter-MediumItalic.otf"; sourceTree = "<group>"; };
		C99DF3402A6FA755002DCED7 /* Inter-SemiBoldItalic.otf */ = {isa = PBXFileReference; lastKnownFileType = file; path = "Inter-SemiBoldItalic.otf"; sourceTree = "<group>"; };
		C99DF3412A6FA755002DCED7 /* Inter-ExtraLightItalic.otf */ = {isa = PBXFileReference; lastKnownFileType = file; path = "Inter-ExtraLightItalic.otf"; sourceTree = "<group>"; };
		C99DF3422A6FA755002DCED7 /* Inter-Medium.otf */ = {isa = PBXFileReference; lastKnownFileType = file; path = "Inter-Medium.otf"; sourceTree = "<group>"; };
		C99DF3432A6FA755002DCED7 /* Inter-Black.otf */ = {isa = PBXFileReference; lastKnownFileType = file; path = "Inter-Black.otf"; sourceTree = "<group>"; };
		C99DF3442A6FA755002DCED7 /* Inter-Thin.otf */ = {isa = PBXFileReference; lastKnownFileType = file; path = "Inter-Thin.otf"; sourceTree = "<group>"; };
		C99DF3452A6FA755002DCED7 /* Inter-BoldItalic.otf */ = {isa = PBXFileReference; lastKnownFileType = file; path = "Inter-BoldItalic.otf"; sourceTree = "<group>"; };
		C99DF3462A6FA755002DCED7 /* Inter-LightItalic.otf */ = {isa = PBXFileReference; lastKnownFileType = file; path = "Inter-LightItalic.otf"; sourceTree = "<group>"; };
		C99DF3472A6FA755002DCED7 /* Inter-Italic.otf */ = {isa = PBXFileReference; lastKnownFileType = file; path = "Inter-Italic.otf"; sourceTree = "<group>"; };
		C99DF3482A6FA755002DCED7 /* Inter-ExtraBold.otf */ = {isa = PBXFileReference; lastKnownFileType = file; path = "Inter-ExtraBold.otf"; sourceTree = "<group>"; };
		C99DF3492A6FA755002DCED7 /* Inter-BlackItalic.otf */ = {isa = PBXFileReference; lastKnownFileType = file; path = "Inter-BlackItalic.otf"; sourceTree = "<group>"; };
		C99DF34A2A6FA755002DCED7 /* Inter-Bold.otf */ = {isa = PBXFileReference; lastKnownFileType = file; path = "Inter-Bold.otf"; sourceTree = "<group>"; };
		C99DF34B2A6FA756002DCED7 /* Inter-ThinItalic.otf */ = {isa = PBXFileReference; lastKnownFileType = file; path = "Inter-ThinItalic.otf"; sourceTree = "<group>"; };
		C99DF34C2A6FA756002DCED7 /* Inter-Regular.otf */ = {isa = PBXFileReference; lastKnownFileType = file; path = "Inter-Regular.otf"; sourceTree = "<group>"; };
		C99DF34D2A6FA756002DCED7 /* Inter-SemiBold.otf */ = {isa = PBXFileReference; lastKnownFileType = file; path = "Inter-SemiBold.otf"; sourceTree = "<group>"; };
		C99DF34E2A6FA756002DCED7 /* Inter-ExtraLight.otf */ = {isa = PBXFileReference; lastKnownFileType = file; path = "Inter-ExtraLight.otf"; sourceTree = "<group>"; };
		C9A645242A72930200B326C5 /* AppGuideView.swift */ = {isa = PBXFileReference; lastKnownFileType = sourcecode.swift; path = AppGuideView.swift; sourceTree = "<group>"; };
/* End PBXFileReference section */

/* Begin PBXFrameworksBuildPhase section */
		1687E2B02A6F6FD20004D87A /* Frameworks */ = {
			isa = PBXFrameworksBuildPhase;
			buildActionMask = 2147483647;
			files = (
			);
			runOnlyForDeploymentPostprocessing = 0;
		};
		1687E2C52A6F70270004D87A /* Frameworks */ = {
			isa = PBXFrameworksBuildPhase;
			buildActionMask = 2147483647;
			files = (
			);
			runOnlyForDeploymentPostprocessing = 0;
		};
/* End PBXFrameworksBuildPhase section */

/* Begin PBXGroup section */
		160B1DC42A6F7AC900A708CC /* TodayDetailView */ = {
			isa = PBXGroup;
			children = (
				160B1E7D2A6F944A00A708CC /* TodayDetailView.swift */,
			);
			path = TodayDetailView;
			sourceTree = "<group>";
		};
		160B1DC52A6F7AD400A708CC /* GuideView */ = {
			isa = PBXGroup;
			children = (
				160B1E7F2A6F946100A708CC /* GuideView.swift */,
			);
			path = GuideView;
			sourceTree = "<group>";
		};
		160B1DC62A6F7ADC00A708CC /* SettingView */ = {
			isa = PBXGroup;
			children = (
				160B1E812A6F947700A708CC /* SettingView.swift */,
				160B1E832A6F948300A708CC /* UserInfoSettingView.swift */,
				160B1E872A6F949900A708CC /* UserProfileSettingView.swift */,
				160B1E852A6F948D00A708CC /* UserStrokeSettingView.swift */,
			);
			path = SettingView;
			sourceTree = "<group>";
		};
		160B1DC72A6F7AE300A708CC /* MainView */ = {
			isa = PBXGroup;
			children = (
				C98DDF492A9CD9FD00E99C6E /* RecordListView */,
				160B1E892A6F94D600A708CC /* MainView.swift */,
				160B1E8B2A6F94E100A708CC /* RingChartsView.swift */,
				B87504702A778D3E0098167A /* ChartView */,
			);
			path = MainView;
			sourceTree = "<group>";
		};
		160B1DC82A6F7AF500A708CC /* Extension */ = {
			isa = PBXGroup;
			children = (
				160B1E8D2A6F950C00A708CC /* ColorExtension.swift */,
				B875047B2A7792B80098167A /* DateExtension.swift */,
			);
			path = Extension;
			sourceTree = "<group>";
		};
		160B1E6F2A6F92C400A708CC /* Util */ = {
			isa = PBXGroup;
			children = (
				160B1ED42A6F969A00A708CC /* GifView.swift */,
			);
			path = Util;
			sourceTree = "<group>";
		};
		160B1E952A6F95D800A708CC /* Preview Content */ = {
			isa = PBXGroup;
			children = (
				160B1E962A6F95F100A708CC /* Media.xcassets */,
			);
			name = "Preview Content";
			sourceTree = "<group>";
		};
		160B1E982A6F960000A708CC /* Resource */ = {
			isa = PBXGroup;
			children = (
				160B1E9A2A6F960F00A708CC /* Font */,
				160B1E992A6F960A00A708CC /* Gif */,
				160B1ED62A6F96BE00A708CC /* CustomBackButton.swift */,
				B87504792A7790610098167A /* CustomSegmentedView.swift */,
			);
			path = Resource;
			sourceTree = "<group>";
		};
		160B1E992A6F960A00A708CC /* Gif */ = {
			isa = PBXGroup;
			children = (
				C93885D52A7352FD006FFB1A /* backhandSwing.gif */,
				C93885D62A7352FD006FFB1A /* forehandSwing.gif */,
			);
			path = Gif;
			sourceTree = "<group>";
		};
		160B1E9A2A6F960F00A708CC /* Font */ = {
			isa = PBXGroup;
			children = (
				C99DF3432A6FA755002DCED7 /* Inter-Black.otf */,
				C99DF3492A6FA755002DCED7 /* Inter-BlackItalic.otf */,
				C99DF34A2A6FA755002DCED7 /* Inter-Bold.otf */,
				C99DF3452A6FA755002DCED7 /* Inter-BoldItalic.otf */,
				C99DF3482A6FA755002DCED7 /* Inter-ExtraBold.otf */,
				C99DF33D2A6FA754002DCED7 /* Inter-ExtraBoldItalic.otf */,
				C99DF34E2A6FA756002DCED7 /* Inter-ExtraLight.otf */,
				C99DF3412A6FA755002DCED7 /* Inter-ExtraLightItalic.otf */,
				C99DF3472A6FA755002DCED7 /* Inter-Italic.otf */,
				C99DF33E2A6FA754002DCED7 /* Inter-Light.otf */,
				C99DF3462A6FA755002DCED7 /* Inter-LightItalic.otf */,
				C99DF3422A6FA755002DCED7 /* Inter-Medium.otf */,
				C99DF33F2A6FA755002DCED7 /* Inter-MediumItalic.otf */,
				C99DF34C2A6FA756002DCED7 /* Inter-Regular.otf */,
				C99DF34D2A6FA756002DCED7 /* Inter-SemiBold.otf */,
				C99DF3402A6FA755002DCED7 /* Inter-SemiBoldItalic.otf */,
				C99DF3442A6FA755002DCED7 /* Inter-Thin.otf */,
				C99DF34B2A6FA756002DCED7 /* Inter-ThinItalic.otf */,
				C99DF33C2A6FA754002DCED7 /* Inter-V.ttf */,
			);
			path = Font;
			sourceTree = "<group>";
		};
		1687E2AA2A6F6FD20004D87A = {
			isa = PBXGroup;
			children = (
				1687E2B52A6F6FD20004D87A /* MC3_Tering */,
				1687E2C92A6F70270004D87A /* MC3_Tering_Watch Watch App */,
				1687E2B42A6F6FD20004D87A /* Products */,
			);
			sourceTree = "<group>";
		};
		1687E2B42A6F6FD20004D87A /* Products */ = {
			isa = PBXGroup;
			children = (
				1687E2B32A6F6FD20004D87A /* MC3_Tering.app */,
				1687E2C82A6F70270004D87A /* MC3_Tering_Watch Watch App.app */,
			);
			name = Products;
			sourceTree = "<group>";
		};
		1687E2B52A6F6FD20004D87A /* MC3_Tering */ = {
			isa = PBXGroup;
			children = (
				C99DF3282A6FA246002DCED7 /* MC3-Tering-Info.plist */,
				1687E2B62A6F6FD20004D87A /* MC3_TeringApp.swift */,
				1687E2DA2A6F70B30004D87A /* Model */,
				1687E2DB2A6F70BA0004D87A /* View */,
				1687E2BA2A6F6FD30004D87A /* Assets.xcassets */,
				160B1E6F2A6F92C400A708CC /* Util */,
			);
			path = MC3_Tering;
			sourceTree = "<group>";
		};
		1687E2C92A6F70270004D87A /* MC3_Tering_Watch Watch App */ = {
			isa = PBXGroup;
			children = (
				B821114E2A7409080043CE6D /* MC3-Tering-Watch-Watch-App-Info.plist */,
				1687E30A2A6F764D0004D87A /* MC3_Tering_Watch Watch App.entitlements */,
				1687E2CA2A6F70270004D87A /* MC3_Tering_WatchApp.swift */,
				B87CEBF82A70B29E0038BFDB /* MLModel */,
				1687E2E02A6F71300004D87A /* Model */,
				1687E2E12A6F71350004D87A /* View */,
				1687E3052A6F74600004D87A /* Extension */,
				1687E2CE2A6F70280004D87A /* Assets.xcassets */,
				1687E2D02A6F70280004D87A /* Preview Content */,
			);
			path = "MC3_Tering_Watch Watch App";
			sourceTree = "<group>";
		};
		1687E2D02A6F70280004D87A /* Preview Content */ = {
			isa = PBXGroup;
			children = (
				1687E2D12A6F70280004D87A /* Preview Assets.xcassets */,
			);
			path = "Preview Content";
			sourceTree = "<group>";
		};
		1687E2DA2A6F70B30004D87A /* Model */ = {
			isa = PBXGroup;
			children = (
				1687E2DC2A6F70DD0004D87A /* ViewModelPhone.swift */,
				1687E3212A6F7A300004D87A /* WorkOutDataModel.swift */,
				1687E31F2A6F7A260004D87A /* UserDataModel.swift */,
				1687E30C2A6F79450004D87A /* CongreteModel */,
				1687E30D2A6F794D0004D87A /* CoreData */,
			);
			path = Model;
			sourceTree = "<group>";
		};
		1687E2DB2A6F70BA0004D87A /* View */ = {
			isa = PBXGroup;
			children = (
				C9A645232A72920000B326C5 /* AppGuideView */,
				1687E3232A6F7A3F0004D87A /* CameraView */,
				1687E3242A6F7A470004D87A /* CongreteModalView */,
				1687E3262A6F7A540004D87A /* OnboardingView */,
				160B1DC42A6F7AC900A708CC /* TodayDetailView */,
				160B1DC52A6F7AD400A708CC /* GuideView */,
				160B1DC62A6F7ADC00A708CC /* SettingView */,
				160B1DC72A6F7AE300A708CC /* MainView */,
				160B1DC82A6F7AF500A708CC /* Extension */,
				1687E2B82A6F6FD20004D87A /* ContentView.swift */,
				1687E2DE2A6F71180004D87A /* TestPhoneView.swift */,
				160B1E982A6F960000A708CC /* Resource */,
				160B1E952A6F95D800A708CC /* Preview Content */,
			);
			path = View;
			sourceTree = "<group>";
		};
		1687E2E02A6F71300004D87A /* Model */ = {
			isa = PBXGroup;
			children = (
				B84107F52AA08206006A34E4 /* Particle */,
				B84107F42AA081EF006A34E4 /* Workout */,
				1687E2E22A6F714D0004D87A /* ViewModelWatch.swift */,
			);
			path = Model;
			sourceTree = "<group>";
		};
		1687E2E12A6F71350004D87A /* View */ = {
			isa = PBXGroup;
			children = (
				B82111722A74EC8C0043CE6D /* StartView */,
				B82111732A74ECC90043CE6D /* WorkoutView */,
				B82111742A74EDB80043CE6D /* ResultView */,
				B82111712A74EC500043CE6D /* EtcView */,
			);
			path = View;
			sourceTree = "<group>";
		};
		1687E3052A6F74600004D87A /* Extension */ = {
			isa = PBXGroup;
			children = (
				1687E3062A6F74700004D87A /* ColorExtension.swift */,
				1687E3082A6F74790004D87A /* CircleProgressBar.swift */,
				B82111752A75629A0043CE6D /* ElapsedTimeView.swift */,
			);
			path = Extension;
			sourceTree = "<group>";
		};
		1687E30C2A6F79450004D87A /* CongreteModel */ = {
			isa = PBXGroup;
			children = (
				1687E3112A6F79900004D87A /* EmitterManager.swift */,
				1687E3132A6F79970004D87A /* HapticManager.swift */,
			);
			path = CongreteModel;
			sourceTree = "<group>";
		};
		1687E30D2A6F794D0004D87A /* CoreData */ = {
			isa = PBXGroup;
			children = (
				1687E3102A6F79750004D87A /* UserData */,
				1687E30F2A6F796D0004D87A /* WorkOutData */,
				1687E31D2A6F7A0B0004D87A /* CoreDataManager.swift */,
				C99DF3292A6FA4CA002DCED7 /* UserInfo.xcdatamodeld */,
			);
			path = CoreData;
			sourceTree = "<group>";
		};
		1687E30F2A6F796D0004D87A /* WorkOutData */ = {
			isa = PBXGroup;
			children = (
				1639E6972AA063B7008AE6AC /* WorkOutData+CoreDataClass.swift */,
				1639E6982AA063B7008AE6AC /* WorkOutData+CoreDataProperties.swift */,
			);
			path = WorkOutData;
			sourceTree = "<group>";
		};
		1687E3102A6F79750004D87A /* UserData */ = {
			isa = PBXGroup;
			children = (
				C95DC4722A97284A00649FF7 /* UserData+CoreDataClass.swift */,
				C95DC4732A97284A00649FF7 /* UserData+CoreDataProperties.swift */,
			);
			path = UserData;
			sourceTree = "<group>";
		};
		1687E3232A6F7A3F0004D87A /* CameraView */ = {
			isa = PBXGroup;
			children = (
				160B1E712A6F93BD00A708CC /* CameraView.swift */,
				160B1E752A6F93D400A708CC /* CameraModel.swift */,
				160B1E732A6F93CC00A708CC /* CameraViewModel.swift */,
			);
			path = CameraView;
			sourceTree = "<group>";
		};
		1687E3242A6F7A470004D87A /* CongreteModalView */ = {
			isa = PBXGroup;
			children = (
				160B1E772A6F93FF00A708CC /* CongreteModalView.swift */,
				160B1E792A6F940800A708CC /* EmitterView.swift */,
			);
			path = CongreteModalView;
			sourceTree = "<group>";
		};
		1687E3262A6F7A540004D87A /* OnboardingView */ = {
			isa = PBXGroup;
			children = (
				160B1E7B2A6F943600A708CC /* OnboardingView.swift */,
			);
			path = OnboardingView;
			sourceTree = "<group>";
		};
		B82111712A74EC500043CE6D /* EtcView */ = {
			isa = PBXGroup;
			children = (
				B84107DA2A9D9C24006A34E4 /* TestLayoutView.swift */,
				1687E3012A6F732B0004D87A /* CompleteView.swift */,
			);
			path = EtcView;
			sourceTree = "<group>";
		};
		B82111722A74EC8C0043CE6D /* StartView */ = {
			isa = PBXGroup;
			children = (
				1687E2F92A6F730C0004D87A /* SwingCountView.swift */,
				1687E2F72A6F73040004D87A /* ReadyView.swift */,
			);
			path = StartView;
			sourceTree = "<group>";
		};
		B82111732A74ECC90043CE6D /* WorkoutView */ = {
			isa = PBXGroup;
			children = (
				1687E2FF2A6F73230004D87A /* CountingView.swift */,
				B84107F62AA0828E006A34E4 /* Measurement */,
				B84107F72AA08321006A34E4 /* Complete */,
			);
			path = WorkoutView;
			sourceTree = "<group>";
		};
		B82111742A74EDB80043CE6D /* ResultView */ = {
			isa = PBXGroup;
			children = (
				1687E3032A6F73360004D87A /* ResultView.swift */,
			);
			path = ResultView;
			sourceTree = "<group>";
		};
		B84107F42AA081EF006A34E4 /* Workout */ = {
			isa = PBXGroup;
			children = (
				B821114F2A7413960043CE6D /* WorkoutManager.swift */,
				16A219202A6FDDAD00952653 /* WorkoutResultInfo.swift */,
				16AFA5452A72119D0097CC8F /* SwingInfo.swift */,
			);
			path = Workout;
			sourceTree = "<group>";
		};
		B84107F52AA08206006A34E4 /* Particle */ = {
			isa = PBXGroup;
			children = (
				1687E2EA2A6F72260004D87A /* ParticleEffect.swift */,
				1687E2E82A6F721F0004D87A /* Particle.swift */,
			);
			path = Particle;
			sourceTree = "<group>";
		};
		B84107F62AA0828E006A34E4 /* Measurement */ = {
			isa = PBXGroup;
			children = (
				1687E2F52A6F72FE0004D87A /* MeasuringView.swift */,
				1687E2F32A6F72F50004D87A /* SwingResultView.swift */,
			);
			path = Measurement;
			sourceTree = "<group>";
		};
		B84107F72AA08321006A34E4 /* Complete */ = {
			isa = PBXGroup;
			children = (
				16BB11592A734C4500C096D9 /* SwingCompleteView.swift */,
				16BB115B2A735ADB00C096D9 /* SelectView.swift */,
			);
			path = Complete;
			sourceTree = "<group>";
		};
		B87504702A778D3E0098167A /* ChartView */ = {
			isa = PBXGroup;
			children = (
				B82111772A76947A0043CE6D /* RecordChartView.swift */,
				B87504712A778F740098167A /* WeekChartview.swift */,
				B87504732A778F850098167A /* MonthChartView.swift */,
				B87504752A778F8D0098167A /* SixMonthsChartView.swift */,
				B87504772A778F960098167A /* YearChartView.swift */,
				B82E484E2A7944B500E38151 /* PerfectSummaryChartView.swift */,
				B82E48522A7967C600E38151 /* WorkoutSummaryChartView.swift */,
				B82E48502A79634400E38151 /* CompareChartView.swift */,
			);
			path = ChartView;
			sourceTree = "<group>";
		};
		B87CEBF82A70B29E0038BFDB /* MLModel */ = {
			isa = PBXGroup;
			children = (
				B87CEBFD2A710C600038BFDB /* TeringClassifier_totalData_window100.mlmodel */,
				B87CEBFB2A70B37E0038BFDB /* TennisClassifierViewModel.swift */,
			);
			path = MLModel;
			sourceTree = "<group>";
		};
		C98DDF492A9CD9FD00E99C6E /* RecordListView */ = {
			isa = PBXGroup;
			children = (
				C95DC4762A9C308B00649FF7 /* RecordListView.swift */,
				C98DDF4A2A9CDA1600E99C6E /* RecordDetailView.swift */,
			);
			path = RecordListView;
			sourceTree = "<group>";
		};
		C9A645232A72920000B326C5 /* AppGuideView */ = {
			isa = PBXGroup;
			children = (
				C9A645242A72930200B326C5 /* AppGuideView.swift */,
			);
			path = AppGuideView;
			sourceTree = "<group>";
		};
/* End PBXGroup section */

/* Begin PBXNativeTarget section */
		1687E2B22A6F6FD20004D87A /* MC3_Tering */ = {
			isa = PBXNativeTarget;
			buildConfigurationList = 1687E2C12A6F6FD30004D87A /* Build configuration list for PBXNativeTarget "MC3_Tering" */;
			buildPhases = (
				1687E2AF2A6F6FD20004D87A /* Sources */,
				1687E2B02A6F6FD20004D87A /* Frameworks */,
				1687E2B12A6F6FD20004D87A /* Resources */,
				1687E2D92A6F70280004D87A /* Embed Watch Content */,
			);
			buildRules = (
			);
			dependencies = (
				1687E2D42A6F70280004D87A /* PBXTargetDependency */,
			);
			name = MC3_Tering;
			productName = MC3_Tering;
			productReference = 1687E2B32A6F6FD20004D87A /* MC3_Tering.app */;
			productType = "com.apple.product-type.application";
		};
		1687E2C72A6F70270004D87A /* MC3_Tering_Watch Watch App */ = {
			isa = PBXNativeTarget;
			buildConfigurationList = 1687E2D62A6F70280004D87A /* Build configuration list for PBXNativeTarget "MC3_Tering_Watch Watch App" */;
			buildPhases = (
				1687E2C42A6F70270004D87A /* Sources */,
				1687E2C52A6F70270004D87A /* Frameworks */,
				1687E2C62A6F70270004D87A /* Resources */,
			);
			buildRules = (
			);
			dependencies = (
			);
			name = "MC3_Tering_Watch Watch App";
			productName = "MC3_Tering_Watch Watch App";
			productReference = 1687E2C82A6F70270004D87A /* MC3_Tering_Watch Watch App.app */;
			productType = "com.apple.product-type.application";
		};
/* End PBXNativeTarget section */

/* Begin PBXProject section */
		1687E2AB2A6F6FD20004D87A /* Project object */ = {
			isa = PBXProject;
			attributes = {
				BuildIndependentTargetsInParallel = 1;
				LastSwiftUpdateCheck = 1430;
				LastUpgradeCheck = 1430;
				TargetAttributes = {
					1687E2B22A6F6FD20004D87A = {
						CreatedOnToolsVersion = 14.3;
					};
					1687E2C72A6F70270004D87A = {
						CreatedOnToolsVersion = 14.3;
					};
				};
			};
			buildConfigurationList = 1687E2AE2A6F6FD20004D87A /* Build configuration list for PBXProject "MC3_Tering" */;
			compatibilityVersion = "Xcode 14.0";
			developmentRegion = en;
			hasScannedForEncodings = 0;
			knownRegions = (
				en,
				Base,
			);
			mainGroup = 1687E2AA2A6F6FD20004D87A;
			productRefGroup = 1687E2B42A6F6FD20004D87A /* Products */;
			projectDirPath = "";
			projectRoot = "";
			targets = (
				1687E2B22A6F6FD20004D87A /* MC3_Tering */,
				1687E2C72A6F70270004D87A /* MC3_Tering_Watch Watch App */,
			);
		};
/* End PBXProject section */

/* Begin PBXResourcesBuildPhase section */
		1687E2B12A6F6FD20004D87A /* Resources */ = {
			isa = PBXResourcesBuildPhase;
			buildActionMask = 2147483647;
			files = (
				C9AEE5482A6FB75A0071C863 /* Inter-Italic.otf in Resources */,
				1687E2BB2A6F6FD30004D87A /* Assets.xcassets in Resources */,
				160B1E972A6F95F100A708CC /* Media.xcassets in Resources */,
				C9AEE5502A6FB7750071C863 /* Inter-Thin.otf in Resources */,
				C9AEE54C2A6FB76B0071C863 /* Inter-MediumItalic.otf in Resources */,
				C93885D72A7352FD006FFB1A /* backhandSwing.gif in Resources */,
				C9AEE5492A6FB75D0071C863 /* Inter-Light.otf in Resources */,
				C9AEE54E2A6FB7700071C863 /* Inter-SemiBold.otf in Resources */,
				C9AEE53F2A6FAADE0071C863 /* Inter-Black.otf in Resources */,
				C9AEE5522A6FB77A0071C863 /* Inter-V.ttf in Resources */,
				C9AEE54D2A6FB76D0071C863 /* Inter-Regular.otf in Resources */,
				C9AEE5402A6FAAE20071C863 /* Inter-BlackItalic.otf in Resources */,
				C9AEE5452A6FB00F0071C863 /* Inter-ExtraBoldItalic.otf in Resources */,
				C9AEE5462A6FB7540071C863 /* Inter-ExtraLight.otf in Resources */,
				C93885D82A7352FD006FFB1A /* forehandSwing.gif in Resources */,
				C9AEE5472A6FB7570071C863 /* Inter-ExtraLightItalic.otf in Resources */,
				C9AEE5512A6FB7770071C863 /* Inter-ThinItalic.otf in Resources */,
				C9AEE5412A6FAAE50071C863 /* Inter-Bold.otf in Resources */,
				C9AEE5442A6FB00D0071C863 /* Inter-ExtraBold.otf in Resources */,
				C9AEE5432A6FB0080071C863 /* Inter-BoldItalic.otf in Resources */,
				C9AEE54B2A6FB7680071C863 /* Inter-Medium.otf in Resources */,
				C9AEE54F2A6FB7720071C863 /* Inter-SemiBoldItalic.otf in Resources */,
				C9AEE54A2A6FB7600071C863 /* Inter-LightItalic.otf in Resources */,
			);
			runOnlyForDeploymentPostprocessing = 0;
		};
		1687E2C62A6F70270004D87A /* Resources */ = {
			isa = PBXResourcesBuildPhase;
			buildActionMask = 2147483647;
			files = (
				1687E2D22A6F70280004D87A /* Preview Assets.xcassets in Resources */,
				1656EEAB2A709CD900651C04 /* Inter-SemiBold.otf in Resources */,
				1656EEAA2A709C5400651C04 /* Inter-BoldItalic.otf in Resources */,
				1656EEA92A709C5000651C04 /* Inter-Bold.otf in Resources */,
				1656EEA72A709C4900651C04 /* Inter-Black.otf in Resources */,
				1656EEA82A709C4D00651C04 /* Inter-BlackItalic.otf in Resources */,
				1687E2CF2A6F70280004D87A /* Assets.xcassets in Resources */,
			);
			runOnlyForDeploymentPostprocessing = 0;
		};
/* End PBXResourcesBuildPhase section */

/* Begin PBXSourcesBuildPhase section */
		1687E2AF2A6F6FD20004D87A /* Sources */ = {
			isa = PBXSourcesBuildPhase;
			buildActionMask = 2147483647;
			files = (
				1687E3202A6F7A270004D87A /* UserDataModel.swift in Sources */,
				160B1E8A2A6F94D600A708CC /* MainView.swift in Sources */,
				160B1E722A6F93BD00A708CC /* CameraView.swift in Sources */,
				1687E2DD2A6F70DD0004D87A /* ViewModelPhone.swift in Sources */,
				B82E484F2A7944B500E38151 /* PerfectSummaryChartView.swift in Sources */,
				1687E2B92A6F6FD20004D87A /* ContentView.swift in Sources */,
				C95DC4752A97284A00649FF7 /* UserData+CoreDataProperties.swift in Sources */,
				B87504722A778F740098167A /* WeekChartview.swift in Sources */,
				1687E3122A6F79900004D87A /* EmitterManager.swift in Sources */,
				160B1E842A6F948300A708CC /* UserInfoSettingView.swift in Sources */,
				160B1E882A6F949900A708CC /* UserProfileSettingView.swift in Sources */,
				1687E3222A6F7A300004D87A /* WorkOutDataModel.swift in Sources */,
				160B1E762A6F93D400A708CC /* CameraModel.swift in Sources */,
				160B1E822A6F947700A708CC /* SettingView.swift in Sources */,
				B87504762A778F8D0098167A /* SixMonthsChartView.swift in Sources */,
				160B1E7E2A6F944A00A708CC /* TodayDetailView.swift in Sources */,
				160B1E7A2A6F940800A708CC /* EmitterView.swift in Sources */,
				160B1E742A6F93CC00A708CC /* CameraViewModel.swift in Sources */,
				B82111782A76947A0043CE6D /* RecordChartView.swift in Sources */,
				B87504782A778F960098167A /* YearChartView.swift in Sources */,
				1639E6992AA063B7008AE6AC /* WorkOutData+CoreDataClass.swift in Sources */,
				160B1E862A6F948D00A708CC /* UserStrokeSettingView.swift in Sources */,
				C95DC4772A9C308B00649FF7 /* RecordListView.swift in Sources */,
				160B1E7C2A6F943600A708CC /* OnboardingView.swift in Sources */,
				1687E2B72A6F6FD20004D87A /* MC3_TeringApp.swift in Sources */,
				160B1E8E2A6F950C00A708CC /* ColorExtension.swift in Sources */,
				160B1ED72A6F96BE00A708CC /* CustomBackButton.swift in Sources */,
				160B1E782A6F93FF00A708CC /* CongreteModalView.swift in Sources */,
				1687E3142A6F79970004D87A /* HapticManager.swift in Sources */,
				B82E48532A7967C600E38151 /* WorkoutSummaryChartView.swift in Sources */,
				C9A645252A72930200B326C5 /* AppGuideView.swift in Sources */,
				C99DF32B2A6FA4CA002DCED7 /* UserInfo.xcdatamodeld in Sources */,
				160B1ED52A6F969A00A708CC /* GifView.swift in Sources */,
				160B1E8C2A6F94E100A708CC /* RingChartsView.swift in Sources */,
				B82E48512A79634400E38151 /* CompareChartView.swift in Sources */,
				B875047C2A7792B80098167A /* DateExtension.swift in Sources */,
				B87504742A778F850098167A /* MonthChartView.swift in Sources */,
				1687E2DF2A6F71180004D87A /* TestPhoneView.swift in Sources */,
				C98DDF4B2A9CDA1600E99C6E /* RecordDetailView.swift in Sources */,
				B875047A2A7790610098167A /* CustomSegmentedView.swift in Sources */,
				160B1E802A6F946100A708CC /* GuideView.swift in Sources */,
				1687E31E2A6F7A0B0004D87A /* CoreDataManager.swift in Sources */,
				C95DC4742A97284A00649FF7 /* UserData+CoreDataClass.swift in Sources */,
				1639E69A2AA063B7008AE6AC /* WorkOutData+CoreDataProperties.swift in Sources */,
			);
			runOnlyForDeploymentPostprocessing = 0;
		};
		1687E2C42A6F70270004D87A /* Sources */ = {
			isa = PBXSourcesBuildPhase;
			buildActionMask = 2147483647;
			files = (
				1687E2F62A6F72FE0004D87A /* MeasuringView.swift in Sources */,
				1639E69C2AA063CE008AE6AC /* WorkOutData+CoreDataClass.swift in Sources */,
				1639E6952AA062E4008AE6AC /* UserData+CoreDataClass.swift in Sources */,
				1687E3042A6F73360004D87A /* ResultView.swift in Sources */,
				1687D1562A9C8A7900F97008 /* CoreDataManager.swift in Sources */,
				1687D1552A9C8A3A00F97008 /* WorkOutDataModel.swift in Sources */,
				1687E2EB2A6F72260004D87A /* ParticleEffect.swift in Sources */,
				16AFA5462A72119D0097CC8F /* SwingInfo.swift in Sources */,
				1687E2F42A6F72F50004D87A /* SwingResultView.swift in Sources */,
				1687E2E92A6F721F0004D87A /* Particle.swift in Sources */,
				1687E3092A6F74790004D87A /* CircleProgressBar.swift in Sources */,
				16A219212A6FDDAD00952653 /* WorkoutResultInfo.swift in Sources */,
				1687E2F82A6F73040004D87A /* ReadyView.swift in Sources */,
				B87CEBFE2A710C600038BFDB /* TeringClassifier_totalData_window100.mlmodel in Sources */,
				B82111502A7413960043CE6D /* WorkoutManager.swift in Sources */,
				16BB115C2A735ADB00C096D9 /* SelectView.swift in Sources */,
				16BB115A2A734C4500C096D9 /* SwingCompleteView.swift in Sources */,
				1687E3022A6F732B0004D87A /* CompleteView.swift in Sources */,
				1639E6962AA062E6008AE6AC /* UserData+CoreDataProperties.swift in Sources */,
				B84107DB2A9D9C24006A34E4 /* TestLayoutView.swift in Sources */,
				B82111762A75629A0043CE6D /* ElapsedTimeView.swift in Sources */,
				1687E3002A6F73230004D87A /* CountingView.swift in Sources */,
				1687E2E32A6F714D0004D87A /* ViewModelWatch.swift in Sources */,
				1687D1522A9C8A1D00F97008 /* UserInfo.xcdatamodeld in Sources */,
				B87CEBFC2A70B37E0038BFDB /* TennisClassifierViewModel.swift in Sources */,
				1687E2CB2A6F70270004D87A /* MC3_Tering_WatchApp.swift in Sources */,
				1687E2FA2A6F730C0004D87A /* SwingCountView.swift in Sources */,
				1687E3072A6F74700004D87A /* ColorExtension.swift in Sources */,
				1639E69B2AA063CB008AE6AC /* WorkOutData+CoreDataProperties.swift in Sources */,
			);
			runOnlyForDeploymentPostprocessing = 0;
		};
/* End PBXSourcesBuildPhase section */

/* Begin PBXTargetDependency section */
		1687E2D42A6F70280004D87A /* PBXTargetDependency */ = {
			isa = PBXTargetDependency;
			target = 1687E2C72A6F70270004D87A /* MC3_Tering_Watch Watch App */;
			targetProxy = 1687E2D32A6F70280004D87A /* PBXContainerItemProxy */;
		};
/* End PBXTargetDependency section */

/* Begin XCBuildConfiguration section */
		1687E2BF2A6F6FD30004D87A /* Debug */ = {
			isa = XCBuildConfiguration;
			buildSettings = {
				ALWAYS_SEARCH_USER_PATHS = NO;
				CLANG_ANALYZER_NONNULL = YES;
				CLANG_ANALYZER_NUMBER_OBJECT_CONVERSION = YES_AGGRESSIVE;
				CLANG_CXX_LANGUAGE_STANDARD = "gnu++20";
				CLANG_ENABLE_MODULES = YES;
				CLANG_ENABLE_OBJC_ARC = YES;
				CLANG_ENABLE_OBJC_WEAK = YES;
				CLANG_WARN_BLOCK_CAPTURE_AUTORELEASING = YES;
				CLANG_WARN_BOOL_CONVERSION = YES;
				CLANG_WARN_COMMA = YES;
				CLANG_WARN_CONSTANT_CONVERSION = YES;
				CLANG_WARN_DEPRECATED_OBJC_IMPLEMENTATIONS = YES;
				CLANG_WARN_DIRECT_OBJC_ISA_USAGE = YES_ERROR;
				CLANG_WARN_DOCUMENTATION_COMMENTS = YES;
				CLANG_WARN_EMPTY_BODY = YES;
				CLANG_WARN_ENUM_CONVERSION = YES;
				CLANG_WARN_INFINITE_RECURSION = YES;
				CLANG_WARN_INT_CONVERSION = YES;
				CLANG_WARN_NON_LITERAL_NULL_CONVERSION = YES;
				CLANG_WARN_OBJC_IMPLICIT_RETAIN_SELF = YES;
				CLANG_WARN_OBJC_LITERAL_CONVERSION = YES;
				CLANG_WARN_OBJC_ROOT_CLASS = YES_ERROR;
				CLANG_WARN_QUOTED_INCLUDE_IN_FRAMEWORK_HEADER = YES;
				CLANG_WARN_RANGE_LOOP_ANALYSIS = YES;
				CLANG_WARN_STRICT_PROTOTYPES = YES;
				CLANG_WARN_SUSPICIOUS_MOVE = YES;
				CLANG_WARN_UNGUARDED_AVAILABILITY = YES_AGGRESSIVE;
				CLANG_WARN_UNREACHABLE_CODE = YES;
				CLANG_WARN__DUPLICATE_METHOD_MATCH = YES;
				COPY_PHASE_STRIP = NO;
				DEBUG_INFORMATION_FORMAT = dwarf;
				ENABLE_STRICT_OBJC_MSGSEND = YES;
				ENABLE_TESTABILITY = YES;
				GCC_C_LANGUAGE_STANDARD = gnu11;
				GCC_DYNAMIC_NO_PIC = NO;
				GCC_NO_COMMON_BLOCKS = YES;
				GCC_OPTIMIZATION_LEVEL = 0;
				GCC_PREPROCESSOR_DEFINITIONS = (
					"DEBUG=1",
					"$(inherited)",
				);
				GCC_WARN_64_TO_32_BIT_CONVERSION = YES;
				GCC_WARN_ABOUT_RETURN_TYPE = YES_ERROR;
				GCC_WARN_UNDECLARED_SELECTOR = YES;
				GCC_WARN_UNINITIALIZED_AUTOS = YES_AGGRESSIVE;
				GCC_WARN_UNUSED_FUNCTION = YES;
				GCC_WARN_UNUSED_VARIABLE = YES;
				IPHONEOS_DEPLOYMENT_TARGET = 16.0;
				MTL_ENABLE_DEBUG_INFO = INCLUDE_SOURCE;
				MTL_FAST_MATH = YES;
				ONLY_ACTIVE_ARCH = YES;
				SDKROOT = iphoneos;
				SWIFT_ACTIVE_COMPILATION_CONDITIONS = DEBUG;
				SWIFT_OPTIMIZATION_LEVEL = "-Onone";
			};
			name = Debug;
		};
		1687E2C02A6F6FD30004D87A /* Release */ = {
			isa = XCBuildConfiguration;
			buildSettings = {
				ALWAYS_SEARCH_USER_PATHS = NO;
				CLANG_ANALYZER_NONNULL = YES;
				CLANG_ANALYZER_NUMBER_OBJECT_CONVERSION = YES_AGGRESSIVE;
				CLANG_CXX_LANGUAGE_STANDARD = "gnu++20";
				CLANG_ENABLE_MODULES = YES;
				CLANG_ENABLE_OBJC_ARC = YES;
				CLANG_ENABLE_OBJC_WEAK = YES;
				CLANG_WARN_BLOCK_CAPTURE_AUTORELEASING = YES;
				CLANG_WARN_BOOL_CONVERSION = YES;
				CLANG_WARN_COMMA = YES;
				CLANG_WARN_CONSTANT_CONVERSION = YES;
				CLANG_WARN_DEPRECATED_OBJC_IMPLEMENTATIONS = YES;
				CLANG_WARN_DIRECT_OBJC_ISA_USAGE = YES_ERROR;
				CLANG_WARN_DOCUMENTATION_COMMENTS = YES;
				CLANG_WARN_EMPTY_BODY = YES;
				CLANG_WARN_ENUM_CONVERSION = YES;
				CLANG_WARN_INFINITE_RECURSION = YES;
				CLANG_WARN_INT_CONVERSION = YES;
				CLANG_WARN_NON_LITERAL_NULL_CONVERSION = YES;
				CLANG_WARN_OBJC_IMPLICIT_RETAIN_SELF = YES;
				CLANG_WARN_OBJC_LITERAL_CONVERSION = YES;
				CLANG_WARN_OBJC_ROOT_CLASS = YES_ERROR;
				CLANG_WARN_QUOTED_INCLUDE_IN_FRAMEWORK_HEADER = YES;
				CLANG_WARN_RANGE_LOOP_ANALYSIS = YES;
				CLANG_WARN_STRICT_PROTOTYPES = YES;
				CLANG_WARN_SUSPICIOUS_MOVE = YES;
				CLANG_WARN_UNGUARDED_AVAILABILITY = YES_AGGRESSIVE;
				CLANG_WARN_UNREACHABLE_CODE = YES;
				CLANG_WARN__DUPLICATE_METHOD_MATCH = YES;
				COPY_PHASE_STRIP = NO;
				DEBUG_INFORMATION_FORMAT = "dwarf-with-dsym";
				ENABLE_NS_ASSERTIONS = NO;
				ENABLE_STRICT_OBJC_MSGSEND = YES;
				GCC_C_LANGUAGE_STANDARD = gnu11;
				GCC_NO_COMMON_BLOCKS = YES;
				GCC_WARN_64_TO_32_BIT_CONVERSION = YES;
				GCC_WARN_ABOUT_RETURN_TYPE = YES_ERROR;
				GCC_WARN_UNDECLARED_SELECTOR = YES;
				GCC_WARN_UNINITIALIZED_AUTOS = YES_AGGRESSIVE;
				GCC_WARN_UNUSED_FUNCTION = YES;
				GCC_WARN_UNUSED_VARIABLE = YES;
				IPHONEOS_DEPLOYMENT_TARGET = 16.0;
				MTL_ENABLE_DEBUG_INFO = NO;
				MTL_FAST_MATH = YES;
				SDKROOT = iphoneos;
				SWIFT_COMPILATION_MODE = wholemodule;
				SWIFT_OPTIMIZATION_LEVEL = "-O";
				VALIDATE_PRODUCT = YES;
			};
			name = Release;
		};
		1687E2C22A6F6FD30004D87A /* Debug */ = {
			isa = XCBuildConfiguration;
			buildSettings = {
				ALWAYS_EMBED_SWIFT_STANDARD_LIBRARIES = YES;
				ASSETCATALOG_COMPILER_APPICON_NAME = AppIcon;
				ASSETCATALOG_COMPILER_GLOBAL_ACCENT_COLOR_NAME = AccentColor;
				"CODE_SIGN_IDENTITY[sdk=iphoneos*]" = "iPhone Developer";
				CODE_SIGN_STYLE = Manual;
				CURRENT_PROJECT_VERSION = 1;
				DEVELOPMENT_ASSET_PATHS = "";
				DEVELOPMENT_TEAM = "";
				"DEVELOPMENT_TEAM[sdk=iphoneos*]" = 49256BK4G3;
				ENABLE_PREVIEWS = YES;
				GENERATE_INFOPLIST_FILE = YES;
				INFOPLIST_FILE = "MC3-Tering-Info.plist";
				INFOPLIST_KEY_CFBundleDisplayName = Tering;
				INFOPLIST_KEY_LSApplicationCategoryType = "public.app-category.healthcare-fitness";
				INFOPLIST_KEY_NSCameraUsageDescription = "공유할 사진 촬영과 커스텀을 위해 카메라 사용 권한이 필요합니다.";
				INFOPLIST_KEY_NSPhotoLibraryAddUsageDescription = "사진을 촬영한 후 저장하기 위해 앨범 쓰기 권한이 필요합니다.";
				INFOPLIST_KEY_NSPhotoLibraryUsageDescription = "프로필 사진을 등록하기 위해 사진 저장 공간 사용 권한이 필요합니다.";
				INFOPLIST_KEY_UIApplicationSceneManifest_Generation = YES;
				INFOPLIST_KEY_UIApplicationSupportsIndirectInputEvents = YES;
				INFOPLIST_KEY_UIStatusBarStyle = "";
				INFOPLIST_KEY_UISupportedInterfaceOrientations_iPad = "UIInterfaceOrientationPortrait UIInterfaceOrientationPortraitUpsideDown UIInterfaceOrientationLandscapeLeft UIInterfaceOrientationLandscapeRight";
				INFOPLIST_KEY_UISupportedInterfaceOrientations_iPhone = UIInterfaceOrientationPortrait;
				INFOPLIST_KEY_UIUserInterfaceStyle = Dark;
				IPHONEOS_DEPLOYMENT_TARGET = 16.0;
				LD_RUNPATH_SEARCH_PATHS = (
					"$(inherited)",
					"@executable_path/Frameworks",
				);
				MARKETING_VERSION = 1.0;
				PRODUCT_BUNDLE_IDENTIFIER = "com.MC3-Tering";
				PRODUCT_NAME = "$(TARGET_NAME)";
				PROVISIONING_PROFILE_SPECIFIER = "";
				"PROVISIONING_PROFILE_SPECIFIER[sdk=iphoneos*]" = TeringiOSProvisioning;
				RESOURCES_TARGETED_DEVICE_FAMILY = "";
				SUPPORTED_PLATFORMS = "iphoneos iphonesimulator";
				SUPPORTS_MACCATALYST = NO;
				SUPPORTS_MAC_DESIGNED_FOR_IPHONE_IPAD = NO;
				SWIFT_EMIT_LOC_STRINGS = YES;
				SWIFT_VERSION = 5.0;
				TARGETED_DEVICE_FAMILY = 1;
			};
			name = Debug;
		};
		1687E2C32A6F6FD30004D87A /* Release */ = {
			isa = XCBuildConfiguration;
			buildSettings = {
				ALWAYS_EMBED_SWIFT_STANDARD_LIBRARIES = YES;
				ASSETCATALOG_COMPILER_APPICON_NAME = AppIcon;
				ASSETCATALOG_COMPILER_GLOBAL_ACCENT_COLOR_NAME = AccentColor;
				"CODE_SIGN_IDENTITY[sdk=iphoneos*]" = "iPhone Distribution";
				CODE_SIGN_STYLE = Manual;
				CURRENT_PROJECT_VERSION = 1;
				DEVELOPMENT_ASSET_PATHS = "";
				DEVELOPMENT_TEAM = "";
				"DEVELOPMENT_TEAM[sdk=iphoneos*]" = 49256BK4G3;
				ENABLE_PREVIEWS = YES;
				GENERATE_INFOPLIST_FILE = YES;
				INFOPLIST_FILE = "MC3-Tering-Info.plist";
				INFOPLIST_KEY_CFBundleDisplayName = Tering;
				INFOPLIST_KEY_LSApplicationCategoryType = "public.app-category.healthcare-fitness";
				INFOPLIST_KEY_NSCameraUsageDescription = "공유할 사진 촬영과 커스텀을 위해 카메라 사용 권한이 필요합니다.";
				INFOPLIST_KEY_NSPhotoLibraryAddUsageDescription = "사진을 촬영한 후 저장하기 위해 앨범 쓰기 권한이 필요합니다.";
				INFOPLIST_KEY_NSPhotoLibraryUsageDescription = "프로필 사진을 등록하기 위해 사진 저장 공간 사용 권한이 필요합니다.";
				INFOPLIST_KEY_UIApplicationSceneManifest_Generation = YES;
				INFOPLIST_KEY_UIApplicationSupportsIndirectInputEvents = YES;
				INFOPLIST_KEY_UIStatusBarStyle = "";
				INFOPLIST_KEY_UISupportedInterfaceOrientations_iPad = "UIInterfaceOrientationPortrait UIInterfaceOrientationPortraitUpsideDown UIInterfaceOrientationLandscapeLeft UIInterfaceOrientationLandscapeRight";
				INFOPLIST_KEY_UISupportedInterfaceOrientations_iPhone = UIInterfaceOrientationPortrait;
				INFOPLIST_KEY_UIUserInterfaceStyle = Dark;
				IPHONEOS_DEPLOYMENT_TARGET = 16.0;
				LD_RUNPATH_SEARCH_PATHS = (
					"$(inherited)",
					"@executable_path/Frameworks",
				);
				MARKETING_VERSION = 1.0;
				PRODUCT_BUNDLE_IDENTIFIER = "com.MC3-Tering";
				PRODUCT_NAME = "$(TARGET_NAME)";
				PROVISIONING_PROFILE_SPECIFIER = "";
				"PROVISIONING_PROFILE_SPECIFIER[sdk=iphoneos*]" = TeringiOSDistribution;
				RESOURCES_TARGETED_DEVICE_FAMILY = "";
				SUPPORTED_PLATFORMS = "iphoneos iphonesimulator";
				SUPPORTS_MACCATALYST = NO;
				SUPPORTS_MAC_DESIGNED_FOR_IPHONE_IPAD = NO;
				SWIFT_EMIT_LOC_STRINGS = YES;
				SWIFT_VERSION = 5.0;
				TARGETED_DEVICE_FAMILY = 1;
			};
			name = Release;
		};
		1687E2D72A6F70280004D87A /* Debug */ = {
			isa = XCBuildConfiguration;
			buildSettings = {
				ASSETCATALOG_COMPILER_APPICON_NAME = AppIcon;
				ASSETCATALOG_COMPILER_GLOBAL_ACCENT_COLOR_NAME = AccentColor;
				CODE_SIGN_ENTITLEMENTS = "MC3_Tering_Watch Watch App/MC3_Tering_Watch Watch App.entitlements";
				"CODE_SIGN_IDENTITY[sdk=watchos*]" = "iPhone Developer";
				CODE_SIGN_STYLE = Manual;
				CURRENT_PROJECT_VERSION = 1;
				DEVELOPMENT_ASSET_PATHS = "\"MC3_Tering_Watch Watch App/Preview Content\"";
				DEVELOPMENT_TEAM = "";
				"DEVELOPMENT_TEAM[sdk=watchos*]" = 49256BK4G3;
				ENABLE_PREVIEWS = YES;
				GENERATE_INFOPLIST_FILE = YES;
				INFOPLIST_FILE = "MC3-Tering-Watch-Watch-App-Info.plist";
				INFOPLIST_KEY_CFBundleDisplayName = Tering;
				INFOPLIST_KEY_NSHealthClinicalHealthRecordsShareUsageDescription = "운동 기록 저장을 위해 심박수 데이터에 접근할 권한이 필요합니다.";
				INFOPLIST_KEY_NSHealthShareUsageDescription = "운동 기록 수집을 위해 심박수 데이터에 접근할 권한이 필요합니다.";
				INFOPLIST_KEY_NSHealthUpdateUsageDescription = "운동 기록 생성을 위해 심박수 데이터에 접근할 권한이 필요합니다.";
				INFOPLIST_KEY_UISupportedInterfaceOrientations = "UIInterfaceOrientationPortrait UIInterfaceOrientationPortraitUpsideDown";
				INFOPLIST_KEY_WKCompanionAppBundleIdentifier = "com.MC3-Tering";
				LD_RUNPATH_SEARCH_PATHS = (
					"$(inherited)",
					"@executable_path/Frameworks",
				);
				MARKETING_VERSION = 1.0;
				PRODUCT_BUNDLE_IDENTIFIER = "com.MC3-Tering.watchkitapp";
				PRODUCT_NAME = "$(TARGET_NAME)";
				PROVISIONING_PROFILE_SPECIFIER = "";
				"PROVISIONING_PROFILE_SPECIFIER[sdk=watchos*]" = TeringWatchProvisioning;
				SDKROOT = watchos;
				SKIP_INSTALL = YES;
				SWIFT_EMIT_LOC_STRINGS = YES;
				SWIFT_VERSION = 5.0;
				TARGETED_DEVICE_FAMILY = 4;
				WATCHOS_DEPLOYMENT_TARGET = 9.0;
			};
			name = Debug;
		};
		1687E2D82A6F70280004D87A /* Release */ = {
			isa = XCBuildConfiguration;
			buildSettings = {
				ASSETCATALOG_COMPILER_APPICON_NAME = AppIcon;
				ASSETCATALOG_COMPILER_GLOBAL_ACCENT_COLOR_NAME = AccentColor;
				CODE_SIGN_ENTITLEMENTS = "MC3_Tering_Watch Watch App/MC3_Tering_Watch Watch App.entitlements";
				"CODE_SIGN_IDENTITY[sdk=watchos*]" = "iPhone Distribution";
				CODE_SIGN_STYLE = Manual;
				CURRENT_PROJECT_VERSION = 1;
				DEVELOPMENT_ASSET_PATHS = "\"MC3_Tering_Watch Watch App/Preview Content\"";
				DEVELOPMENT_TEAM = "";
				"DEVELOPMENT_TEAM[sdk=watchos*]" = 49256BK4G3;
				ENABLE_PREVIEWS = YES;
				GENERATE_INFOPLIST_FILE = YES;
				INFOPLIST_FILE = "MC3-Tering-Watch-Watch-App-Info.plist";
				INFOPLIST_KEY_CFBundleDisplayName = Tering;
				INFOPLIST_KEY_NSHealthClinicalHealthRecordsShareUsageDescription = "운동 기록 저장을 위해 심박수 데이터에 접근할 권한이 필요합니다.";
				INFOPLIST_KEY_NSHealthShareUsageDescription = "운동 기록 수집을 위해 심박수 데이터에 접근할 권한이 필요합니다.";
				INFOPLIST_KEY_NSHealthUpdateUsageDescription = "운동 기록 생성을 위해 심박수 데이터에 접근할 권한이 필요합니다.";
				INFOPLIST_KEY_UISupportedInterfaceOrientations = "UIInterfaceOrientationPortrait UIInterfaceOrientationPortraitUpsideDown";
				INFOPLIST_KEY_WKCompanionAppBundleIdentifier = "com.MC3-Tering";
				LD_RUNPATH_SEARCH_PATHS = (
					"$(inherited)",
					"@executable_path/Frameworks",
				);
				MARKETING_VERSION = 1.0;
				PRODUCT_BUNDLE_IDENTIFIER = "com.MC3-Tering.watchkitapp";
				PRODUCT_NAME = "$(TARGET_NAME)";
				PROVISIONING_PROFILE_SPECIFIER = "";
				"PROVISIONING_PROFILE_SPECIFIER[sdk=watchos*]" = TeringWatchDistribution;
				SDKROOT = watchos;
				SKIP_INSTALL = YES;
				SWIFT_EMIT_LOC_STRINGS = YES;
				SWIFT_VERSION = 5.0;
				TARGETED_DEVICE_FAMILY = 4;
				WATCHOS_DEPLOYMENT_TARGET = 9.0;
			};
			name = Release;
		};
/* End XCBuildConfiguration section */

/* Begin XCConfigurationList section */
		1687E2AE2A6F6FD20004D87A /* Build configuration list for PBXProject "MC3_Tering" */ = {
			isa = XCConfigurationList;
			buildConfigurations = (
				1687E2BF2A6F6FD30004D87A /* Debug */,
				1687E2C02A6F6FD30004D87A /* Release */,
			);
			defaultConfigurationIsVisible = 0;
			defaultConfigurationName = Release;
		};
		1687E2C12A6F6FD30004D87A /* Build configuration list for PBXNativeTarget "MC3_Tering" */ = {
			isa = XCConfigurationList;
			buildConfigurations = (
				1687E2C22A6F6FD30004D87A /* Debug */,
				1687E2C32A6F6FD30004D87A /* Release */,
			);
			defaultConfigurationIsVisible = 0;
			defaultConfigurationName = Release;
		};
		1687E2D62A6F70280004D87A /* Build configuration list for PBXNativeTarget "MC3_Tering_Watch Watch App" */ = {
			isa = XCConfigurationList;
			buildConfigurations = (
				1687E2D72A6F70280004D87A /* Debug */,
				1687E2D82A6F70280004D87A /* Release */,
			);
			defaultConfigurationIsVisible = 0;
			defaultConfigurationName = Release;
		};
/* End XCConfigurationList section */

/* Begin XCVersionGroup section */
		C99DF3292A6FA4CA002DCED7 /* UserInfo.xcdatamodeld */ = {
			isa = XCVersionGroup;
			children = (
				C99DF32A2A6FA4CA002DCED7 /* UserInfo.xcdatamodel */,
			);
			currentVersion = C99DF32A2A6FA4CA002DCED7 /* UserInfo.xcdatamodel */;
			path = UserInfo.xcdatamodeld;
			sourceTree = "<group>";
			versionGroupType = wrapper.xcdatamodel;
		};
/* End XCVersionGroup section */
	};
	rootObject = 1687E2AB2A6F6FD20004D87A /* Project object */;
}
